// !$*UTF8*$!
{
	archiveVersion = 1;
	classes = {
	};
	objectVersion = 46;
	objects = {

/* Begin PBXBuildFile section */
		106178121685172F001F8770 /* SSNativeBridge.m in Sources */ = {isa = PBXBuildFile; fileRef = 106178111685172F001F8770 /* SSNativeBridge.m */; };
		106178191685A617001F8770 /* SSAudioManager.m in Sources */ = {isa = PBXBuildFile; fileRef = 106178181685A617001F8770 /* SSAudioManager.m */; };
		1061781D1685A647001F8770 /* SSFacebookAuth.m in Sources */ = {isa = PBXBuildFile; fileRef = 1061781C1685A647001F8770 /* SSFacebookAuth.m */; };
		106178201685A667001F8770 /* SSSplashScreenView.m in Sources */ = {isa = PBXBuildFile; fileRef = 1061781F1685A667001F8770 /* SSSplashScreenView.m */; };
		106178231685A685001F8770 /* SSFiringView.m in Sources */ = {isa = PBXBuildFile; fileRef = 106178221685A685001F8770 /* SSFiringView.m */; };
		106178261685A6BD001F8770 /* SSLocationManager.m in Sources */ = {isa = PBXBuildFile; fileRef = 106178251685A6BC001F8770 /* SSLocationManager.m */; };
		106178291685A6DF001F8770 /* SSPreferenceManager.m in Sources */ = {isa = PBXBuildFile; fileRef = 106178281685A6DF001F8770 /* SSPreferenceManager.m */; };
		1061782C1685A706001F8770 /* SSMotionManager.m in Sources */ = {isa = PBXBuildFile; fileRef = 1061782B1685A706001F8770 /* SSMotionManager.m */; };
		106A10B3168F82AA0059E189 /* SenTestingKit.framework in Frameworks */ = {isa = PBXBuildFile; fileRef = 10EE34021667376400D95BAC /* SenTestingKit.framework */; };
		106A10B4168F82AA0059E189 /* UIKit.framework in Frameworks */ = {isa = PBXBuildFile; fileRef = 10EE33E41667376400D95BAC /* UIKit.framework */; };
		106A10B5168F82AA0059E189 /* Foundation.framework in Frameworks */ = {isa = PBXBuildFile; fileRef = 10EE33E61667376400D95BAC /* Foundation.framework */; };
		106A10BB168F82AA0059E189 /* InfoPlist.strings in Resources */ = {isa = PBXBuildFile; fileRef = 106A10B9168F82AA0059E189 /* InfoPlist.strings */; };
		106A10BE168F82AA0059E189 /* SSUnitTests.m in Sources */ = {isa = PBXBuildFile; fileRef = 106A10BD168F82AA0059E189 /* SSUnitTests.m */; };
		10EE33E51667376400D95BAC /* UIKit.framework in Frameworks */ = {isa = PBXBuildFile; fileRef = 10EE33E41667376400D95BAC /* UIKit.framework */; };
		10EE33E71667376400D95BAC /* Foundation.framework in Frameworks */ = {isa = PBXBuildFile; fileRef = 10EE33E61667376400D95BAC /* Foundation.framework */; };
		10EE33E91667376400D95BAC /* CoreGraphics.framework in Frameworks */ = {isa = PBXBuildFile; fileRef = 10EE33E81667376400D95BAC /* CoreGraphics.framework */; };
		10EE33EF1667376400D95BAC /* InfoPlist.strings in Resources */ = {isa = PBXBuildFile; fileRef = 10EE33ED1667376400D95BAC /* InfoPlist.strings */; };
		10EE33F11667376400D95BAC /* main.m in Sources */ = {isa = PBXBuildFile; fileRef = 10EE33F01667376400D95BAC /* main.m */; };
		10EE33F51667376400D95BAC /* SSAppDelegate.m in Sources */ = {isa = PBXBuildFile; fileRef = 10EE33F41667376400D95BAC /* SSAppDelegate.m */; };
		10EE33F71667376400D95BAC /* Default.png in Resources */ = {isa = PBXBuildFile; fileRef = 10EE33F61667376400D95BAC /* Default.png */; };
		10EE33F91667376400D95BAC /* Default@2x.png in Resources */ = {isa = PBXBuildFile; fileRef = 10EE33F81667376400D95BAC /* Default@2x.png */; };
		10EE33FB1667376400D95BAC /* Default-568h@2x.png in Resources */ = {isa = PBXBuildFile; fileRef = 10EE33FA1667376400D95BAC /* Default-568h@2x.png */; };
/* End PBXBuildFile section */

/* Begin PBXFileReference section */
		106178101685172E001F8770 /* SSNativeBridge.h */ = {isa = PBXFileReference; fileEncoding = 4; lastKnownFileType = sourcecode.c.h; path = SSNativeBridge.h; sourceTree = "<group>"; };
		106178111685172F001F8770 /* SSNativeBridge.m */ = {isa = PBXFileReference; fileEncoding = 4; lastKnownFileType = sourcecode.c.objc; path = SSNativeBridge.m; sourceTree = "<group>"; };
		106178171685A617001F8770 /* SSAudioManager.h */ = {isa = PBXFileReference; fileEncoding = 4; lastKnownFileType = sourcecode.c.h; path = SSAudioManager.h; sourceTree = "<group>"; };
		106178181685A617001F8770 /* SSAudioManager.m */ = {isa = PBXFileReference; fileEncoding = 4; lastKnownFileType = sourcecode.c.objc; path = SSAudioManager.m; sourceTree = "<group>"; };
		1061781B1685A647001F8770 /* SSFacebookAuth.h */ = {isa = PBXFileReference; fileEncoding = 4; lastKnownFileType = sourcecode.c.h; path = SSFacebookAuth.h; sourceTree = "<group>"; };
		1061781C1685A647001F8770 /* SSFacebookAuth.m */ = {isa = PBXFileReference; fileEncoding = 4; lastKnownFileType = sourcecode.c.objc; path = SSFacebookAuth.m; sourceTree = "<group>"; };
		1061781E1685A667001F8770 /* SSSplashScreenView.h */ = {isa = PBXFileReference; fileEncoding = 4; lastKnownFileType = sourcecode.c.h; path = SSSplashScreenView.h; sourceTree = "<group>"; };
		1061781F1685A667001F8770 /* SSSplashScreenView.m */ = {isa = PBXFileReference; fileEncoding = 4; lastKnownFileType = sourcecode.c.objc; path = SSSplashScreenView.m; sourceTree = "<group>"; };
		106178211685A685001F8770 /* SSFiringView.h */ = {isa = PBXFileReference; fileEncoding = 4; lastKnownFileType = sourcecode.c.h; path = SSFiringView.h; sourceTree = "<group>"; };
		106178221685A685001F8770 /* SSFiringView.m */ = {isa = PBXFileReference; fileEncoding = 4; lastKnownFileType = sourcecode.c.objc; path = SSFiringView.m; sourceTree = "<group>"; };
		106178241685A6BC001F8770 /* SSLocationManager.h */ = {isa = PBXFileReference; fileEncoding = 4; lastKnownFileType = sourcecode.c.h; path = SSLocationManager.h; sourceTree = "<group>"; };
		106178251685A6BC001F8770 /* SSLocationManager.m */ = {isa = PBXFileReference; fileEncoding = 4; lastKnownFileType = sourcecode.c.objc; path = SSLocationManager.m; sourceTree = "<group>"; };
		106178271685A6DF001F8770 /* SSPreferenceManager.h */ = {isa = PBXFileReference; fileEncoding = 4; lastKnownFileType = sourcecode.c.h; path = SSPreferenceManager.h; sourceTree = "<group>"; };
		106178281685A6DF001F8770 /* SSPreferenceManager.m */ = {isa = PBXFileReference; fileEncoding = 4; lastKnownFileType = sourcecode.c.objc; path = SSPreferenceManager.m; sourceTree = "<group>"; };
		1061782A1685A706001F8770 /* SSMotionManager.h */ = {isa = PBXFileReference; fileEncoding = 4; lastKnownFileType = sourcecode.c.h; path = SSMotionManager.h; sourceTree = "<group>"; };
		1061782B1685A706001F8770 /* SSMotionManager.m */ = {isa = PBXFileReference; fileEncoding = 4; lastKnownFileType = sourcecode.c.objc; path = SSMotionManager.m; sourceTree = "<group>"; };
		106A10B2168F82AA0059E189 /* SSUnitTests.octest */ = {isa = PBXFileReference; explicitFileType = wrapper.cfbundle; includeInIndex = 0; path = SSUnitTests.octest; sourceTree = BUILT_PRODUCTS_DIR; };
		106A10B8168F82AA0059E189 /* SSUnitTests-Info.plist */ = {isa = PBXFileReference; lastKnownFileType = text.plist.xml; path = "SSUnitTests-Info.plist"; sourceTree = "<group>"; };
		106A10BA168F82AA0059E189 /* en */ = {isa = PBXFileReference; lastKnownFileType = text.plist.strings; name = en; path = en.lproj/InfoPlist.strings; sourceTree = "<group>"; };
		106A10BC168F82AA0059E189 /* SSUnitTests.h */ = {isa = PBXFileReference; lastKnownFileType = sourcecode.c.h; path = SSUnitTests.h; sourceTree = "<group>"; };
		106A10BD168F82AA0059E189 /* SSUnitTests.m */ = {isa = PBXFileReference; lastKnownFileType = sourcecode.c.objc; path = SSUnitTests.m; sourceTree = "<group>"; };
		106A10BF168F82AA0059E189 /* SSUnitTests-Prefix.pch */ = {isa = PBXFileReference; lastKnownFileType = sourcecode.c.h; path = "SSUnitTests-Prefix.pch"; sourceTree = "<group>"; };
		10EE33E01667376400D95BAC /* Spartan Missile Strike.app */ = {isa = PBXFileReference; explicitFileType = wrapper.application; includeInIndex = 0; path = "Spartan Missile Strike.app"; sourceTree = BUILT_PRODUCTS_DIR; };
		10EE33E41667376400D95BAC /* UIKit.framework */ = {isa = PBXFileReference; lastKnownFileType = wrapper.framework; name = UIKit.framework; path = System/Library/Frameworks/UIKit.framework; sourceTree = SDKROOT; };
		10EE33E61667376400D95BAC /* Foundation.framework */ = {isa = PBXFileReference; lastKnownFileType = wrapper.framework; name = Foundation.framework; path = System/Library/Frameworks/Foundation.framework; sourceTree = SDKROOT; };
		10EE33E81667376400D95BAC /* CoreGraphics.framework */ = {isa = PBXFileReference; lastKnownFileType = wrapper.framework; name = CoreGraphics.framework; path = System/Library/Frameworks/CoreGraphics.framework; sourceTree = SDKROOT; };
		10EE33EC1667376400D95BAC /* Spartan Missile Strike-Info.plist */ = {isa = PBXFileReference; lastKnownFileType = text.plist.xml; path = "Spartan Missile Strike-Info.plist"; sourceTree = "<group>"; };
		10EE33EE1667376400D95BAC /* en */ = {isa = PBXFileReference; lastKnownFileType = text.plist.strings; name = en; path = en.lproj/InfoPlist.strings; sourceTree = "<group>"; };
		10EE33F01667376400D95BAC /* main.m */ = {isa = PBXFileReference; lastKnownFileType = sourcecode.c.objc; path = main.m; sourceTree = "<group>"; };
		10EE33F21667376400D95BAC /* Spartan Missile Strike-Prefix.pch */ = {isa = PBXFileReference; lastKnownFileType = sourcecode.c.h; path = "Spartan Missile Strike-Prefix.pch"; sourceTree = "<group>"; };
		10EE33F31667376400D95BAC /* SSAppDelegate.h */ = {isa = PBXFileReference; lastKnownFileType = sourcecode.c.h; path = SSAppDelegate.h; sourceTree = "<group>"; };
		10EE33F41667376400D95BAC /* SSAppDelegate.m */ = {isa = PBXFileReference; lastKnownFileType = sourcecode.c.objc; path = SSAppDelegate.m; sourceTree = "<group>"; };
		10EE33F61667376400D95BAC /* Default.png */ = {isa = PBXFileReference; lastKnownFileType = image.png; path = Default.png; sourceTree = "<group>"; };
		10EE33F81667376400D95BAC /* Default@2x.png */ = {isa = PBXFileReference; lastKnownFileType = image.png; path = "Default@2x.png"; sourceTree = "<group>"; };
		10EE33FA1667376400D95BAC /* Default-568h@2x.png */ = {isa = PBXFileReference; lastKnownFileType = image.png; path = "Default-568h@2x.png"; sourceTree = "<group>"; };
		10EE34021667376400D95BAC /* SenTestingKit.framework */ = {isa = PBXFileReference; lastKnownFileType = wrapper.framework; name = SenTestingKit.framework; path = Library/Frameworks/SenTestingKit.framework; sourceTree = DEVELOPER_DIR; };
/* End PBXFileReference section */

/* Begin PBXFrameworksBuildPhase section */
		106A10AE168F82AA0059E189 /* Frameworks */ = {
			isa = PBXFrameworksBuildPhase;
			buildActionMask = 2147483647;
			files = (
				106A10B3168F82AA0059E189 /* SenTestingKit.framework in Frameworks */,
				106A10B4168F82AA0059E189 /* UIKit.framework in Frameworks */,
				106A10B5168F82AA0059E189 /* Foundation.framework in Frameworks */,
			);
			runOnlyForDeploymentPostprocessing = 0;
		};
		10EE33DD1667376400D95BAC /* Frameworks */ = {
			isa = PBXFrameworksBuildPhase;
			buildActionMask = 2147483647;
			files = (
				10EE33E51667376400D95BAC /* UIKit.framework in Frameworks */,
				10EE33E71667376400D95BAC /* Foundation.framework in Frameworks */,
				10EE33E91667376400D95BAC /* CoreGraphics.framework in Frameworks */,
			);
			runOnlyForDeploymentPostprocessing = 0;
		};
/* End PBXFrameworksBuildPhase section */

/* Begin PBXGroup section */
		106A10B6168F82AA0059E189 /* SSUnitTests */ = {
			isa = PBXGroup;
			children = (
				106A10BC168F82AA0059E189 /* SSUnitTests.h */,
				106A10BD168F82AA0059E189 /* SSUnitTests.m */,
				106A10B7168F82AA0059E189 /* Supporting Files */,
			);
			path = SSUnitTests;
			sourceTree = "<group>";
		};
		106A10B7168F82AA0059E189 /* Supporting Files */ = {
			isa = PBXGroup;
			children = (
				106A10B8168F82AA0059E189 /* SSUnitTests-Info.plist */,
				106A10B9168F82AA0059E189 /* InfoPlist.strings */,
				106A10BF168F82AA0059E189 /* SSUnitTests-Prefix.pch */,
			);
			name = "Supporting Files";
			sourceTree = "<group>";
		};
		10EE33D51667376400D95BAC = {
			isa = PBXGroup;
			children = (
				10EE33EA1667376400D95BAC /* Spartan Missile Strike */,
				106A10B6168F82AA0059E189 /* SSUnitTests */,
				10EE33E31667376400D95BAC /* Frameworks */,
				10EE33E11667376400D95BAC /* Products */,
			);
			sourceTree = "<group>";
		};
		10EE33E11667376400D95BAC /* Products */ = {
			isa = PBXGroup;
			children = (
				10EE33E01667376400D95BAC /* Spartan Missile Strike.app */,
				106A10B2168F82AA0059E189 /* SSUnitTests.octest */,
			);
			name = Products;
			sourceTree = "<group>";
		};
		10EE33E31667376400D95BAC /* Frameworks */ = {
			isa = PBXGroup;
			children = (
				10EE33E41667376400D95BAC /* UIKit.framework */,
				10EE33E61667376400D95BAC /* Foundation.framework */,
				10EE33E81667376400D95BAC /* CoreGraphics.framework */,
				10EE34021667376400D95BAC /* SenTestingKit.framework */,
			);
			name = Frameworks;
			sourceTree = "<group>";
		};
		10EE33EA1667376400D95BAC /* Spartan Missile Strike */ = {
			isa = PBXGroup;
			children = (
				1061781E1685A667001F8770 /* SSSplashScreenView.h */,
				1061781F1685A667001F8770 /* SSSplashScreenView.m */,
				106178211685A685001F8770 /* SSFiringView.h */,
				106178221685A685001F8770 /* SSFiringView.m */,
				106178241685A6BC001F8770 /* SSLocationManager.h */,
				106178251685A6BC001F8770 /* SSLocationManager.m */,
				106178271685A6DF001F8770 /* SSPreferenceManager.h */,
				106178281685A6DF001F8770 /* SSPreferenceManager.m */,
				1061782A1685A706001F8770 /* SSMotionManager.h */,
				1061782B1685A706001F8770 /* SSMotionManager.m */,
				106178171685A617001F8770 /* SSAudioManager.h */,
				106178181685A617001F8770 /* SSAudioManager.m */,
				1061781B1685A647001F8770 /* SSFacebookAuth.h */,
				1061781C1685A647001F8770 /* SSFacebookAuth.m */,
				106178101685172E001F8770 /* SSNativeBridge.h */,
				106178111685172F001F8770 /* SSNativeBridge.m */,
				10EE33F31667376400D95BAC /* SSAppDelegate.h */,
				10EE33F41667376400D95BAC /* SSAppDelegate.m */,
				10EE33EB1667376400D95BAC /* Supporting Files */,
			);
			path = "Spartan Missile Strike";
			sourceTree = "<group>";
		};
		10EE33EB1667376400D95BAC /* Supporting Files */ = {
			isa = PBXGroup;
			children = (
				10EE33EC1667376400D95BAC /* Spartan Missile Strike-Info.plist */,
				10EE33ED1667376400D95BAC /* InfoPlist.strings */,
				10EE33F01667376400D95BAC /* main.m */,
				10EE33F21667376400D95BAC /* Spartan Missile Strike-Prefix.pch */,
				10EE33F61667376400D95BAC /* Default.png */,
				10EE33F81667376400D95BAC /* Default@2x.png */,
				10EE33FA1667376400D95BAC /* Default-568h@2x.png */,
			);
			name = "Supporting Files";
			sourceTree = "<group>";
		};
/* End PBXGroup section */

/* Begin PBXNativeTarget section */
		106A10B1168F82AA0059E189 /* SSUnitTests */ = {
			isa = PBXNativeTarget;
			buildConfigurationList = 106A10C0168F82AA0059E189 /* Build configuration list for PBXNativeTarget "SSUnitTests" */;
			buildPhases = (
				106A10AD168F82AA0059E189 /* Sources */,
				106A10AE168F82AA0059E189 /* Frameworks */,
				106A10AF168F82AA0059E189 /* Resources */,
				106A10B0168F82AA0059E189 /* ShellScript */,
			);
			buildRules = (
			);
			dependencies = (
			);
			name = SSUnitTests;
			productName = SSUnitTests;
			productReference = 106A10B2168F82AA0059E189 /* SSUnitTests.octest */;
			productType = "com.apple.product-type.bundle";
		};
		10EE33DF1667376400D95BAC /* Spartan Missile Strike */ = {
			isa = PBXNativeTarget;
			buildConfigurationList = 10EE34131667376400D95BAC /* Build configuration list for PBXNativeTarget "Spartan Missile Strike" */;
			buildPhases = (
				10EE33DC1667376400D95BAC /* Sources */,
				10EE33DD1667376400D95BAC /* Frameworks */,
				10EE33DE1667376400D95BAC /* Resources */,
			);
			buildRules = (
			);
			dependencies = (
			);
			name = "Spartan Missile Strike";
			productName = "Spartan Missile Strike";
			productReference = 10EE33E01667376400D95BAC /* Spartan Missile Strike.app */;
			productType = "com.apple.product-type.application";
		};
/* End PBXNativeTarget section */

/* Begin PBXProject section */
		10EE33D71667376400D95BAC /* Project object */ = {
			isa = PBXProject;
			attributes = {
				LastUpgradeCheck = 0450;
				ORGANIZATIONNAME = "Jomana Sherif";
			};
			buildConfigurationList = 10EE33DA1667376400D95BAC /* Build configuration list for PBXProject "Spartan Missile Strike" */;
			compatibilityVersion = "Xcode 3.2";
			developmentRegion = English;
			hasScannedForEncodings = 0;
			knownRegions = (
				en,
			);
			mainGroup = 10EE33D51667376400D95BAC;
			productRefGroup = 10EE33E11667376400D95BAC /* Products */;
			projectDirPath = "";
			projectRoot = "";
			targets = (
				10EE33DF1667376400D95BAC /* Spartan Missile Strike */,
				106A10B1168F82AA0059E189 /* SSUnitTests */,
			);
		};
/* End PBXProject section */

/* Begin PBXResourcesBuildPhase section */
		106A10AF168F82AA0059E189 /* Resources */ = {
			isa = PBXResourcesBuildPhase;
			buildActionMask = 2147483647;
			files = (
				106A10BB168F82AA0059E189 /* InfoPlist.strings in Resources */,
			);
			runOnlyForDeploymentPostprocessing = 0;
		};
		10EE33DE1667376400D95BAC /* Resources */ = {
			isa = PBXResourcesBuildPhase;
			buildActionMask = 2147483647;
			files = (
				10EE33EF1667376400D95BAC /* InfoPlist.strings in Resources */,
				10EE33F71667376400D95BAC /* Default.png in Resources */,
				10EE33F91667376400D95BAC /* Default@2x.png in Resources */,
				10EE33FB1667376400D95BAC /* Default-568h@2x.png in Resources */,
			);
			runOnlyForDeploymentPostprocessing = 0;
		};
/* End PBXResourcesBuildPhase section */

/* Begin PBXShellScriptBuildPhase section */
		106A10B0168F82AA0059E189 /* ShellScript */ = {
			isa = PBXShellScriptBuildPhase;
			buildActionMask = 2147483647;
			files = (
			);
			inputPaths = (
			);
			outputPaths = (
			);
			runOnlyForDeploymentPostprocessing = 0;
			shellPath = /bin/sh;
			shellScript = "# Run the unit tests in this test bundle.\n\"${SYSTEM_DEVELOPER_DIR}/Tools/RunUnitTests\"\n";
		};
/* End PBXShellScriptBuildPhase section */

/* Begin PBXSourcesBuildPhase section */
		106A10AD168F82AA0059E189 /* Sources */ = {
			isa = PBXSourcesBuildPhase;
			buildActionMask = 2147483647;
			files = (
				106A10BE168F82AA0059E189 /* SSUnitTests.m in Sources */,
			);
			runOnlyForDeploymentPostprocessing = 0;
		};
		10EE33DC1667376400D95BAC /* Sources */ = {
			isa = PBXSourcesBuildPhase;
			buildActionMask = 2147483647;
			files = (
				10EE33F11667376400D95BAC /* main.m in Sources */,
				10EE33F51667376400D95BAC /* SSAppDelegate.m in Sources */,
				106178121685172F001F8770 /* SSNativeBridge.m in Sources */,
				106178191685A617001F8770 /* SSAudioManager.m in Sources */,
				1061781D1685A647001F8770 /* SSFacebookAuth.m in Sources */,
				106178201685A667001F8770 /* SSSplashScreenView.m in Sources */,
				106178231685A685001F8770 /* SSFiringView.m in Sources */,
				106178261685A6BD001F8770 /* SSLocationManager.m in Sources */,
				106178291685A6DF001F8770 /* SSPreferenceManager.m in Sources */,
				1061782C1685A706001F8770 /* SSMotionManager.m in Sources */,
			);
			runOnlyForDeploymentPostprocessing = 0;
		};
/* End PBXSourcesBuildPhase section */

/* Begin PBXVariantGroup section */
		106A10B9168F82AA0059E189 /* InfoPlist.strings */ = {
			isa = PBXVariantGroup;
			children = (
				106A10BA168F82AA0059E189 /* en */,
			);
			name = InfoPlist.strings;
			sourceTree = "<group>";
		};
		10EE33ED1667376400D95BAC /* InfoPlist.strings */ = {
			isa = PBXVariantGroup;
			children = (
				10EE33EE1667376400D95BAC /* en */,
			);
			name = InfoPlist.strings;
			sourceTree = "<group>";
		};
/* End PBXVariantGroup section */

/* Begin XCBuildConfiguration section */
		106A10C1168F82AA0059E189 /* Debug */ = {
			isa = XCBuildConfiguration;
			buildSettings = {
				FRAMEWORK_SEARCH_PATHS = (
					"\"$(SDKROOT)/Developer/Library/Frameworks\"",
					"\"$(DEVELOPER_LIBRARY_DIR)/Frameworks\"",
				);
				GCC_PRECOMPILE_PREFIX_HEADER = YES;
				GCC_PREFIX_HEADER = "SSUnitTests/SSUnitTests-Prefix.pch";
				INFOPLIST_FILE = "SSUnitTests/SSUnitTests-Info.plist";
				PRODUCT_NAME = "$(TARGET_NAME)";
				WRAPPER_EXTENSION = octest;
			};
			name = Debug;
		};
		106A10C2168F82AA0059E189 /* Release */ = {
			isa = XCBuildConfiguration;
			buildSettings = {
				FRAMEWORK_SEARCH_PATHS = (
					"\"$(SDKROOT)/Developer/Library/Frameworks\"",
					"\"$(DEVELOPER_LIBRARY_DIR)/Frameworks\"",
				);
				GCC_PRECOMPILE_PREFIX_HEADER = YES;
				GCC_PREFIX_HEADER = "SSUnitTests/SSUnitTests-Prefix.pch";
				INFOPLIST_FILE = "SSUnitTests/SSUnitTests-Info.plist";
				PRODUCT_NAME = "$(TARGET_NAME)";
				WRAPPER_EXTENSION = octest;
			};
			name = Release;
		};
		10EE34111667376400D95BAC /* Debug */ = {
			isa = XCBuildConfiguration;
			buildSettings = {
				ALWAYS_SEARCH_USER_PATHS = NO;
				CLANG_CXX_LANGUAGE_STANDARD = "gnu++0x";
				CLANG_CXX_LIBRARY = "libc++";
				CLANG_ENABLE_OBJC_ARC = YES;
				CLANG_WARN_EMPTY_BODY = YES;
				CLANG_WARN__DUPLICATE_METHOD_MATCH = YES;
				"CODE_SIGN_IDENTITY[sdk=iphoneos*]" = "iPhone Developer";
				COPY_PHASE_STRIP = NO;
				GCC_C_LANGUAGE_STANDARD = gnu99;
				GCC_DYNAMIC_NO_PIC = NO;
				GCC_OPTIMIZATION_LEVEL = 0;
				GCC_PREPROCESSOR_DEFINITIONS = (
					"DEBUG=1",
					"$(inherited)",
				);
				GCC_SYMBOLS_PRIVATE_EXTERN = NO;
				GCC_WARN_ABOUT_RETURN_TYPE = YES;
				GCC_WARN_UNINITIALIZED_AUTOS = YES;
				GCC_WARN_UNUSED_VARIABLE = YES;
				IPHONEOS_DEPLOYMENT_TARGET = 6.0;
				ONLY_ACTIVE_ARCH = YES;
				SDKROOT = iphoneos;
			};
			name = Debug;
		};
		10EE34121667376400D95BAC /* Release */ = {
			isa = XCBuildConfiguration;
			buildSettings = {
				ALWAYS_SEARCH_USER_PATHS = NO;
				CLANG_CXX_LANGUAGE_STANDARD = "gnu++0x";
				CLANG_CXX_LIBRARY = "libc++";
				CLANG_ENABLE_OBJC_ARC = YES;
				CLANG_WARN_EMPTY_BODY = YES;
				CLANG_WARN__DUPLICATE_METHOD_MATCH = YES;
				"CODE_SIGN_IDENTITY[sdk=iphoneos*]" = "iPhone Developer";
				COPY_PHASE_STRIP = YES;
				GCC_C_LANGUAGE_STANDARD = gnu99;
				GCC_WARN_ABOUT_RETURN_TYPE = YES;
				GCC_WARN_UNINITIALIZED_AUTOS = YES;
				GCC_WARN_UNUSED_VARIABLE = YES;
				IPHONEOS_DEPLOYMENT_TARGET = 6.0;
				OTHER_CFLAGS = "-DNS_BLOCK_ASSERTIONS=1";
				SDKROOT = iphoneos;
				VALIDATE_PRODUCT = YES;
			};
			name = Release;
		};
		10EE34141667376400D95BAC /* Debug */ = {
			isa = XCBuildConfiguration;
			buildSettings = {
				FRAMEWORK_SEARCH_PATHS = (
					"$(inherited)",
					"\"$(SRCROOT)/MyProjTests\"",
				);
				GCC_PRECOMPILE_PREFIX_HEADER = YES;
				GCC_PREFIX_HEADER = "Spartan Missile Strike/Spartan Missile Strike-Prefix.pch";
				INFOPLIST_FILE = "Spartan Missile Strike/Spartan Missile Strike-Info.plist";
				PRODUCT_NAME = "$(TARGET_NAME)";
				WRAPPER_EXTENSION = app;
			};
			name = Debug;
		};
		10EE34151667376400D95BAC /* Release */ = {
			isa = XCBuildConfiguration;
			buildSettings = {
				FRAMEWORK_SEARCH_PATHS = (
					"$(inherited)",
					"\"$(SRCROOT)/MyProjTests\"",
				);
				GCC_PRECOMPILE_PREFIX_HEADER = YES;
				GCC_PREFIX_HEADER = "Spartan Missile Strike/Spartan Missile Strike-Prefix.pch";
				INFOPLIST_FILE = "Spartan Missile Strike/Spartan Missile Strike-Info.plist";
				PRODUCT_NAME = "$(TARGET_NAME)";
				WRAPPER_EXTENSION = app;
			};
			name = Release;
		};
/* End XCBuildConfiguration section */

/* Begin XCConfigurationList section */
		106A10C0168F82AA0059E189 /* Build configuration list for PBXNativeTarget "SSUnitTests" */ = {
			isa = XCConfigurationList;
			buildConfigurations = (
				106A10C1168F82AA0059E189 /* Debug */,
				106A10C2168F82AA0059E189 /* Release */,
			);
			defaultConfigurationIsVisible = 0;
		};
		10EE33DA1667376400D95BAC /* Build configuration list for PBXProject "Spartan Missile Strike" */ = {
			isa = XCConfigurationList;
			buildConfigurations = (
				10EE34111667376400D95BAC /* Debug */,
				10EE34121667376400D95BAC /* Release */,
			);
			defaultConfigurationIsVisible = 0;
			defaultConfigurationName = Release;
		};
		10EE34131667376400D95BAC /* Build configuration list for PBXNativeTarget "Spartan Missile Strike" */ = {
			isa = XCConfigurationList;
			buildConfigurations = (
				10EE34141667376400D95BAC /* Debug */,
				10EE34151667376400D95BAC /* Release */,
			);
			defaultConfigurationIsVisible = 0;
			defaultConfigurationName = Release;
		};
/* End XCConfigurationList section */
	};
	rootObject = 10EE33D71667376400D95BAC /* Project object */;
}
