// !$*UTF8*$!
{
	archiveVersion = 1;
	classes = {
	};
	objectVersion = 46;
	objects = {

/* Begin PBXBuildFile section */
		106178121685172F001F8770 /* SSNativeBridge.m in Sources */ = {isa = PBXBuildFile; fileRef = 106178111685172F001F8770 /* SSNativeBridge.m */; };
		106178191685A617001F8770 /* SSAudioManager.m in Sources */ = {isa = PBXBuildFile; fileRef = 106178181685A617001F8770 /* SSAudioManager.m */; };
		1061781D1685A647001F8770 /* SSFacebookAuth.m in Sources */ = {isa = PBXBuildFile; fileRef = 1061781C1685A647001F8770 /* SSFacebookAuth.m */; };
		106178201685A667001F8770 /* SSSplashScreenView.m in Sources */ = {isa = PBXBuildFile; fileRef = 1061781F1685A667001F8770 /* SSSplashScreenView.m */; };
		106178231685A685001F8770 /* SSFiringView.m in Sources */ = {isa = PBXBuildFile; fileRef = 106178221685A685001F8770 /* SSFiringView.m */; };
		106178261685A6BD001F8770 /* SSLocationManager.m in Sources */ = {isa = PBXBuildFile; fileRef = 106178251685A6BC001F8770 /* SSLocationManager.m */; };
		106178291685A6DF001F8770 /* SSPreferenceManager.m in Sources */ = {isa = PBXBuildFile; fileRef = 106178281685A6DF001F8770 /* SSPreferenceManager.m */; };
		1061782C1685A706001F8770 /* SSMotionManager.m in Sources */ = {isa = PBXBuildFile; fileRef = 1061782B1685A706001F8770 /* SSMotionManager.m */; };
		106A10B3168F82AA0059E189 /* SenTestingKit.framework in Frameworks */ = {isa = PBXBuildFile; fileRef = 10EE34021667376400D95BAC /* SenTestingKit.framework */; };
		106A10B4168F82AA0059E189 /* UIKit.framework in Frameworks */ = {isa = PBXBuildFile; fileRef = 10EE33E41667376400D95BAC /* UIKit.framework */; };
		106A10B5168F82AA0059E189 /* Foundation.framework in Frameworks */ = {isa = PBXBuildFile; fileRef = 10EE33E61667376400D95BAC /* Foundation.framework */; };
		106A10BB168F82AA0059E189 /* InfoPlist.strings in Resources */ = {isa = PBXBuildFile; fileRef = 106A10B9168F82AA0059E189 /* InfoPlist.strings */; };
		106A10BE168F82AA0059E189 /* SSUnitTests.m in Sources */ = {isa = PBXBuildFile; fileRef = 106A10BD168F82AA0059E189 /* SSUnitTests.m */; };
		109526151693EEA2007608EB /* AudioToolbox.framework in Frameworks */ = {isa = PBXBuildFile; fileRef = 109526131693EEA2007608EB /* AudioToolbox.framework */; };
		109526181693F24C007608EB /* CoreLocation.framework in Frameworks */ = {isa = PBXBuildFile; fileRef = 109526171693F24C007608EB /* CoreLocation.framework */; };
		1095261E16951E84007608EB /* AVFoundation.framework in Frameworks */ = {isa = PBXBuildFile; fileRef = 1095261D16951E84007608EB /* AVFoundation.framework */; };
		10952621169521D4007608EB /* ADELE - Skyfall.mp3 in Resources */ = {isa = PBXBuildFile; fileRef = 10952620169521D4007608EB /* ADELE - Skyfall.mp3 */; };
		10B577B516939D4D001C97CD /* SenTestingKit.framework in Frameworks */ = {isa = PBXBuildFile; fileRef = 10EE34021667376400D95BAC /* SenTestingKit.framework */; };
		10B577B616939D4D001C97CD /* UIKit.framework in Frameworks */ = {isa = PBXBuildFile; fileRef = 10EE33E41667376400D95BAC /* UIKit.framework */; };
		10B577B716939D4D001C97CD /* Foundation.framework in Frameworks */ = {isa = PBXBuildFile; fileRef = 10EE33E61667376400D95BAC /* Foundation.framework */; };
		10B577BD16939D4D001C97CD /* InfoPlist.strings in Resources */ = {isa = PBXBuildFile; fileRef = 10B577BB16939D4D001C97CD /* InfoPlist.strings */; };
		10B577C016939D4D001C97CD /* SSSpashScreen.m in Sources */ = {isa = PBXBuildFile; fileRef = 10B577BF16939D4D001C97CD /* SSSpashScreen.m */; };
		10B577CC16939D70001C97CD /* SenTestingKit.framework in Frameworks */ = {isa = PBXBuildFile; fileRef = 10EE34021667376400D95BAC /* SenTestingKit.framework */; };
		10B577CD16939D70001C97CD /* UIKit.framework in Frameworks */ = {isa = PBXBuildFile; fileRef = 10EE33E41667376400D95BAC /* UIKit.framework */; };
		10B577CE16939D70001C97CD /* Foundation.framework in Frameworks */ = {isa = PBXBuildFile; fileRef = 10EE33E61667376400D95BAC /* Foundation.framework */; };
		10B577D416939D70001C97CD /* InfoPlist.strings in Resources */ = {isa = PBXBuildFile; fileRef = 10B577D216939D70001C97CD /* InfoPlist.strings */; };
		10B577D716939D70001C97CD /* SSFiring.m in Sources */ = {isa = PBXBuildFile; fileRef = 10B577D616939D70001C97CD /* SSFiring.m */; };
		10B577E216939D83001C97CD /* SenTestingKit.framework in Frameworks */ = {isa = PBXBuildFile; fileRef = 10EE34021667376400D95BAC /* SenTestingKit.framework */; };
		10B577E316939D83001C97CD /* UIKit.framework in Frameworks */ = {isa = PBXBuildFile; fileRef = 10EE33E41667376400D95BAC /* UIKit.framework */; };
		10B577E416939D83001C97CD /* Foundation.framework in Frameworks */ = {isa = PBXBuildFile; fileRef = 10EE33E61667376400D95BAC /* Foundation.framework */; };
		10B577EA16939D83001C97CD /* InfoPlist.strings in Resources */ = {isa = PBXBuildFile; fileRef = 10B577E816939D83001C97CD /* InfoPlist.strings */; };
		10B577ED16939D83001C97CD /* SSLocationManager.m in Sources */ = {isa = PBXBuildFile; fileRef = 10B577EC16939D83001C97CD /* SSLocationManager.m */; };
		10B577F816939D95001C97CD /* SenTestingKit.framework in Frameworks */ = {isa = PBXBuildFile; fileRef = 10EE34021667376400D95BAC /* SenTestingKit.framework */; };
		10B577F916939D95001C97CD /* UIKit.framework in Frameworks */ = {isa = PBXBuildFile; fileRef = 10EE33E41667376400D95BAC /* UIKit.framework */; };
		10B577FA16939D95001C97CD /* Foundation.framework in Frameworks */ = {isa = PBXBuildFile; fileRef = 10EE33E61667376400D95BAC /* Foundation.framework */; };
		10B5780016939D95001C97CD /* InfoPlist.strings in Resources */ = {isa = PBXBuildFile; fileRef = 10B577FE16939D95001C97CD /* InfoPlist.strings */; };
		10B5780316939D95001C97CD /* SSPreferenceManager.m in Sources */ = {isa = PBXBuildFile; fileRef = 10B5780216939D95001C97CD /* SSPreferenceManager.m */; };
		10B5780E16939DA8001C97CD /* SenTestingKit.framework in Frameworks */ = {isa = PBXBuildFile; fileRef = 10EE34021667376400D95BAC /* SenTestingKit.framework */; };
		10B5780F16939DA8001C97CD /* UIKit.framework in Frameworks */ = {isa = PBXBuildFile; fileRef = 10EE33E41667376400D95BAC /* UIKit.framework */; };
		10B5781016939DA8001C97CD /* Foundation.framework in Frameworks */ = {isa = PBXBuildFile; fileRef = 10EE33E61667376400D95BAC /* Foundation.framework */; };
		10B5781616939DA8001C97CD /* InfoPlist.strings in Resources */ = {isa = PBXBuildFile; fileRef = 10B5781416939DA8001C97CD /* InfoPlist.strings */; };
		10B5781916939DA8001C97CD /* SSMotionManager.m in Sources */ = {isa = PBXBuildFile; fileRef = 10B5781816939DA8001C97CD /* SSMotionManager.m */; };
		10B5782416939DB6001C97CD /* SenTestingKit.framework in Frameworks */ = {isa = PBXBuildFile; fileRef = 10EE34021667376400D95BAC /* SenTestingKit.framework */; };
		10B5782516939DB6001C97CD /* UIKit.framework in Frameworks */ = {isa = PBXBuildFile; fileRef = 10EE33E41667376400D95BAC /* UIKit.framework */; };
		10B5782616939DB6001C97CD /* Foundation.framework in Frameworks */ = {isa = PBXBuildFile; fileRef = 10EE33E61667376400D95BAC /* Foundation.framework */; };
		10B5782C16939DB6001C97CD /* InfoPlist.strings in Resources */ = {isa = PBXBuildFile; fileRef = 10B5782A16939DB6001C97CD /* InfoPlist.strings */; };
		10B5782F16939DB6001C97CD /* SSAudioManager.m in Sources */ = {isa = PBXBuildFile; fileRef = 10B5782E16939DB6001C97CD /* SSAudioManager.m */; };
		10B5783A16939DCA001C97CD /* SenTestingKit.framework in Frameworks */ = {isa = PBXBuildFile; fileRef = 10EE34021667376400D95BAC /* SenTestingKit.framework */; };
		10B5783B16939DCA001C97CD /* UIKit.framework in Frameworks */ = {isa = PBXBuildFile; fileRef = 10EE33E41667376400D95BAC /* UIKit.framework */; };
		10B5783C16939DCA001C97CD /* Foundation.framework in Frameworks */ = {isa = PBXBuildFile; fileRef = 10EE33E61667376400D95BAC /* Foundation.framework */; };
		10B5784216939DCA001C97CD /* InfoPlist.strings in Resources */ = {isa = PBXBuildFile; fileRef = 10B5784016939DCA001C97CD /* InfoPlist.strings */; };
		10B5784516939DCA001C97CD /* SSFacebookAuth.m in Sources */ = {isa = PBXBuildFile; fileRef = 10B5784416939DCA001C97CD /* SSFacebookAuth.m */; };
		10B5785016939DD7001C97CD /* SenTestingKit.framework in Frameworks */ = {isa = PBXBuildFile; fileRef = 10EE34021667376400D95BAC /* SenTestingKit.framework */; };
		10B5785116939DD7001C97CD /* UIKit.framework in Frameworks */ = {isa = PBXBuildFile; fileRef = 10EE33E41667376400D95BAC /* UIKit.framework */; };
		10B5785216939DD7001C97CD /* Foundation.framework in Frameworks */ = {isa = PBXBuildFile; fileRef = 10EE33E61667376400D95BAC /* Foundation.framework */; };
		10B5785816939DD7001C97CD /* InfoPlist.strings in Resources */ = {isa = PBXBuildFile; fileRef = 10B5785616939DD7001C97CD /* InfoPlist.strings */; };
		10B5785B16939DD7001C97CD /* SSNativeBridge.m in Sources */ = {isa = PBXBuildFile; fileRef = 10B5785A16939DD7001C97CD /* SSNativeBridge.m */; };
		10EE33E51667376400D95BAC /* UIKit.framework in Frameworks */ = {isa = PBXBuildFile; fileRef = 10EE33E41667376400D95BAC /* UIKit.framework */; };
		10EE33E71667376400D95BAC /* Foundation.framework in Frameworks */ = {isa = PBXBuildFile; fileRef = 10EE33E61667376400D95BAC /* Foundation.framework */; };
		10EE33E91667376400D95BAC /* CoreGraphics.framework in Frameworks */ = {isa = PBXBuildFile; fileRef = 10EE33E81667376400D95BAC /* CoreGraphics.framework */; };
		10EE33EF1667376400D95BAC /* InfoPlist.strings in Resources */ = {isa = PBXBuildFile; fileRef = 10EE33ED1667376400D95BAC /* InfoPlist.strings */; };
		10EE33F11667376400D95BAC /* main.m in Sources */ = {isa = PBXBuildFile; fileRef = 10EE33F01667376400D95BAC /* main.m */; };
		10EE33F51667376400D95BAC /* SSAppDelegate.m in Sources */ = {isa = PBXBuildFile; fileRef = 10EE33F41667376400D95BAC /* SSAppDelegate.m */; };
		10EE33F71667376400D95BAC /* Default.png in Resources */ = {isa = PBXBuildFile; fileRef = 10EE33F61667376400D95BAC /* Default.png */; };
		10EE33F91667376400D95BAC /* Default@2x.png in Resources */ = {isa = PBXBuildFile; fileRef = 10EE33F81667376400D95BAC /* Default@2x.png */; };
		10EE33FB1667376400D95BAC /* Default-568h@2x.png in Resources */ = {isa = PBXBuildFile; fileRef = 10EE33FA1667376400D95BAC /* Default-568h@2x.png */; };
/* End PBXBuildFile section */

/* Begin PBXFileReference section */
		106178101685172E001F8770 /* SSNativeBridge.h */ = {isa = PBXFileReference; fileEncoding = 4; lastKnownFileType = sourcecode.c.h; path = SSNativeBridge.h; sourceTree = "<group>"; };
		106178111685172F001F8770 /* SSNativeBridge.m */ = {isa = PBXFileReference; fileEncoding = 4; lastKnownFileType = sourcecode.c.objc; path = SSNativeBridge.m; sourceTree = "<group>"; };
		106178171685A617001F8770 /* SSAudioManager.h */ = {isa = PBXFileReference; fileEncoding = 4; lastKnownFileType = sourcecode.c.h; path = SSAudioManager.h; sourceTree = "<group>"; };
		106178181685A617001F8770 /* SSAudioManager.m */ = {isa = PBXFileReference; fileEncoding = 4; lastKnownFileType = sourcecode.c.objc; path = SSAudioManager.m; sourceTree = "<group>"; };
		1061781B1685A647001F8770 /* SSFacebookAuth.h */ = {isa = PBXFileReference; fileEncoding = 4; lastKnownFileType = sourcecode.c.h; path = SSFacebookAuth.h; sourceTree = "<group>"; };
		1061781C1685A647001F8770 /* SSFacebookAuth.m */ = {isa = PBXFileReference; fileEncoding = 4; lastKnownFileType = sourcecode.c.objc; path = SSFacebookAuth.m; sourceTree = "<group>"; };
		1061781E1685A667001F8770 /* SSSplashScreenView.h */ = {isa = PBXFileReference; fileEncoding = 4; lastKnownFileType = sourcecode.c.h; path = SSSplashScreenView.h; sourceTree = "<group>"; };
		1061781F1685A667001F8770 /* SSSplashScreenView.m */ = {isa = PBXFileReference; fileEncoding = 4; lastKnownFileType = sourcecode.c.objc; path = SSSplashScreenView.m; sourceTree = "<group>"; };
		106178211685A685001F8770 /* SSFiringView.h */ = {isa = PBXFileReference; fileEncoding = 4; lastKnownFileType = sourcecode.c.h; path = SSFiringView.h; sourceTree = "<group>"; };
		106178221685A685001F8770 /* SSFiringView.m */ = {isa = PBXFileReference; fileEncoding = 4; lastKnownFileType = sourcecode.c.objc; path = SSFiringView.m; sourceTree = "<group>"; };
		106178241685A6BC001F8770 /* SSLocationManager.h */ = {isa = PBXFileReference; fileEncoding = 4; lastKnownFileType = sourcecode.c.h; path = SSLocationManager.h; sourceTree = "<group>"; };
		106178251685A6BC001F8770 /* SSLocationManager.m */ = {isa = PBXFileReference; fileEncoding = 4; lastKnownFileType = sourcecode.c.objc; path = SSLocationManager.m; sourceTree = "<group>"; };
		106178271685A6DF001F8770 /* SSPreferenceManager.h */ = {isa = PBXFileReference; fileEncoding = 4; lastKnownFileType = sourcecode.c.h; path = SSPreferenceManager.h; sourceTree = "<group>"; };
		106178281685A6DF001F8770 /* SSPreferenceManager.m */ = {isa = PBXFileReference; fileEncoding = 4; lastKnownFileType = sourcecode.c.objc; path = SSPreferenceManager.m; sourceTree = "<group>"; };
		1061782A1685A706001F8770 /* SSMotionManager.h */ = {isa = PBXFileReference; fileEncoding = 4; lastKnownFileType = sourcecode.c.h; path = SSMotionManager.h; sourceTree = "<group>"; };
		1061782B1685A706001F8770 /* SSMotionManager.m */ = {isa = PBXFileReference; fileEncoding = 4; lastKnownFileType = sourcecode.c.objc; path = SSMotionManager.m; sourceTree = "<group>"; };
		106A10B2168F82AA0059E189 /* SSUnitTests.octest */ = {isa = PBXFileReference; explicitFileType = wrapper.cfbundle; includeInIndex = 0; path = SSUnitTests.octest; sourceTree = BUILT_PRODUCTS_DIR; };
		106A10B8168F82AA0059E189 /* SSUnitTests-Info.plist */ = {isa = PBXFileReference; lastKnownFileType = text.plist.xml; path = "SSUnitTests-Info.plist"; sourceTree = "<group>"; };
		106A10BA168F82AA0059E189 /* en */ = {isa = PBXFileReference; lastKnownFileType = text.plist.strings; name = en; path = en.lproj/InfoPlist.strings; sourceTree = "<group>"; };
		106A10BC168F82AA0059E189 /* SSUnitTests.h */ = {isa = PBXFileReference; lastKnownFileType = sourcecode.c.h; path = SSUnitTests.h; sourceTree = "<group>"; };
		106A10BD168F82AA0059E189 /* SSUnitTests.m */ = {isa = PBXFileReference; lastKnownFileType = sourcecode.c.objc; path = SSUnitTests.m; sourceTree = "<group>"; };
		106A10BF168F82AA0059E189 /* SSUnitTests-Prefix.pch */ = {isa = PBXFileReference; lastKnownFileType = sourcecode.c.h; path = "SSUnitTests-Prefix.pch"; sourceTree = "<group>"; };
		109526131693EEA2007608EB /* AudioToolbox.framework */ = {isa = PBXFileReference; lastKnownFileType = wrapper.framework; name = AudioToolbox.framework; path = System/Library/Frameworks/AudioToolbox.framework; sourceTree = SDKROOT; };
		109526171693F24C007608EB /* CoreLocation.framework */ = {isa = PBXFileReference; lastKnownFileType = wrapper.framework; name = CoreLocation.framework; path = System/Library/Frameworks/CoreLocation.framework; sourceTree = SDKROOT; };
		1095261D16951E84007608EB /* AVFoundation.framework */ = {isa = PBXFileReference; lastKnownFileType = wrapper.framework; name = AVFoundation.framework; path = System/Library/Frameworks/AVFoundation.framework; sourceTree = SDKROOT; };
		10952620169521D4007608EB /* ADELE - Skyfall.mp3 */ = {isa = PBXFileReference; lastKnownFileType = audio.mp3; name = "ADELE - Skyfall.mp3"; path = "../../../../ADELE - Skyfall.mp3"; sourceTree = "<group>"; };
		10B577B416939D4D001C97CD /* SSSpashScreen.octest */ = {isa = PBXFileReference; explicitFileType = wrapper.cfbundle; includeInIndex = 0; path = SSSpashScreen.octest; sourceTree = BUILT_PRODUCTS_DIR; };
		10B577BA16939D4D001C97CD /* SSSpashScreen-Info.plist */ = {isa = PBXFileReference; lastKnownFileType = text.plist.xml; path = "SSSpashScreen-Info.plist"; sourceTree = "<group>"; };
		10B577BC16939D4D001C97CD /* en */ = {isa = PBXFileReference; lastKnownFileType = text.plist.strings; name = en; path = en.lproj/InfoPlist.strings; sourceTree = "<group>"; };
		10B577BE16939D4D001C97CD /* SSSpashScreen.h */ = {isa = PBXFileReference; lastKnownFileType = sourcecode.c.h; path = SSSpashScreen.h; sourceTree = "<group>"; };
		10B577BF16939D4D001C97CD /* SSSpashScreen.m */ = {isa = PBXFileReference; lastKnownFileType = sourcecode.c.objc; path = SSSpashScreen.m; sourceTree = "<group>"; };
		10B577C116939D4D001C97CD /* SSSpashScreen-Prefix.pch */ = {isa = PBXFileReference; lastKnownFileType = sourcecode.c.h; path = "SSSpashScreen-Prefix.pch"; sourceTree = "<group>"; };
		10B577CB16939D70001C97CD /* SSFiring.octest */ = {isa = PBXFileReference; explicitFileType = wrapper.cfbundle; includeInIndex = 0; path = SSFiring.octest; sourceTree = BUILT_PRODUCTS_DIR; };
		10B577D116939D70001C97CD /* SSFiring-Info.plist */ = {isa = PBXFileReference; lastKnownFileType = text.plist.xml; path = "SSFiring-Info.plist"; sourceTree = "<group>"; };
		10B577D316939D70001C97CD /* en */ = {isa = PBXFileReference; lastKnownFileType = text.plist.strings; name = en; path = en.lproj/InfoPlist.strings; sourceTree = "<group>"; };
		10B577D516939D70001C97CD /* SSFiring.h */ = {isa = PBXFileReference; lastKnownFileType = sourcecode.c.h; path = SSFiring.h; sourceTree = "<group>"; };
		10B577D616939D70001C97CD /* SSFiring.m */ = {isa = PBXFileReference; lastKnownFileType = sourcecode.c.objc; path = SSFiring.m; sourceTree = "<group>"; };
		10B577D816939D70001C97CD /* SSFiring-Prefix.pch */ = {isa = PBXFileReference; lastKnownFileType = sourcecode.c.h; path = "SSFiring-Prefix.pch"; sourceTree = "<group>"; };
		10B577E116939D83001C97CD /* SSLocationManager.octest */ = {isa = PBXFileReference; explicitFileType = wrapper.cfbundle; includeInIndex = 0; path = SSLocationManager.octest; sourceTree = BUILT_PRODUCTS_DIR; };
		10B577E716939D83001C97CD /* SSLocationManager-Info.plist */ = {isa = PBXFileReference; lastKnownFileType = text.plist.xml; path = "SSLocationManager-Info.plist"; sourceTree = "<group>"; };
		10B577E916939D83001C97CD /* en */ = {isa = PBXFileReference; lastKnownFileType = text.plist.strings; name = en; path = en.lproj/InfoPlist.strings; sourceTree = "<group>"; };
		10B577EB16939D83001C97CD /* SSLocationManager.h */ = {isa = PBXFileReference; lastKnownFileType = sourcecode.c.h; path = SSLocationManager.h; sourceTree = "<group>"; };
		10B577EC16939D83001C97CD /* SSLocationManager.m */ = {isa = PBXFileReference; lastKnownFileType = sourcecode.c.objc; path = SSLocationManager.m; sourceTree = "<group>"; };
		10B577EE16939D83001C97CD /* SSLocationManager-Prefix.pch */ = {isa = PBXFileReference; lastKnownFileType = sourcecode.c.h; path = "SSLocationManager-Prefix.pch"; sourceTree = "<group>"; };
		10B577F716939D95001C97CD /* SSPreferenceManager.octest */ = {isa = PBXFileReference; explicitFileType = wrapper.cfbundle; includeInIndex = 0; path = SSPreferenceManager.octest; sourceTree = BUILT_PRODUCTS_DIR; };
		10B577FD16939D95001C97CD /* SSPreferenceManager-Info.plist */ = {isa = PBXFileReference; lastKnownFileType = text.plist.xml; path = "SSPreferenceManager-Info.plist"; sourceTree = "<group>"; };
		10B577FF16939D95001C97CD /* en */ = {isa = PBXFileReference; lastKnownFileType = text.plist.strings; name = en; path = en.lproj/InfoPlist.strings; sourceTree = "<group>"; };
		10B5780116939D95001C97CD /* SSPreferenceManager.h */ = {isa = PBXFileReference; lastKnownFileType = sourcecode.c.h; path = SSPreferenceManager.h; sourceTree = "<group>"; };
		10B5780216939D95001C97CD /* SSPreferenceManager.m */ = {isa = PBXFileReference; lastKnownFileType = sourcecode.c.objc; path = SSPreferenceManager.m; sourceTree = "<group>"; };
		10B5780416939D95001C97CD /* SSPreferenceManager-Prefix.pch */ = {isa = PBXFileReference; lastKnownFileType = sourcecode.c.h; path = "SSPreferenceManager-Prefix.pch"; sourceTree = "<group>"; };
		10B5780D16939DA8001C97CD /* SSMotionManager.octest */ = {isa = PBXFileReference; explicitFileType = wrapper.cfbundle; includeInIndex = 0; path = SSMotionManager.octest; sourceTree = BUILT_PRODUCTS_DIR; };
		10B5781316939DA8001C97CD /* SSMotionManager-Info.plist */ = {isa = PBXFileReference; lastKnownFileType = text.plist.xml; path = "SSMotionManager-Info.plist"; sourceTree = "<group>"; };
		10B5781516939DA8001C97CD /* en */ = {isa = PBXFileReference; lastKnownFileType = text.plist.strings; name = en; path = en.lproj/InfoPlist.strings; sourceTree = "<group>"; };
		10B5781716939DA8001C97CD /* SSMotionManager.h */ = {isa = PBXFileReference; lastKnownFileType = sourcecode.c.h; path = SSMotionManager.h; sourceTree = "<group>"; };
		10B5781816939DA8001C97CD /* SSMotionManager.m */ = {isa = PBXFileReference; lastKnownFileType = sourcecode.c.objc; path = SSMotionManager.m; sourceTree = "<group>"; };
		10B5781A16939DA8001C97CD /* SSMotionManager-Prefix.pch */ = {isa = PBXFileReference; lastKnownFileType = sourcecode.c.h; path = "SSMotionManager-Prefix.pch"; sourceTree = "<group>"; };
		10B5782316939DB6001C97CD /* SSAudioManager.octest */ = {isa = PBXFileReference; explicitFileType = wrapper.cfbundle; includeInIndex = 0; path = SSAudioManager.octest; sourceTree = BUILT_PRODUCTS_DIR; };
		10B5782916939DB6001C97CD /* SSAudioManager-Info.plist */ = {isa = PBXFileReference; lastKnownFileType = text.plist.xml; path = "SSAudioManager-Info.plist"; sourceTree = "<group>"; };
		10B5782B16939DB6001C97CD /* en */ = {isa = PBXFileReference; lastKnownFileType = text.plist.strings; name = en; path = en.lproj/InfoPlist.strings; sourceTree = "<group>"; };
		10B5782D16939DB6001C97CD /* SSAudioManager.h */ = {isa = PBXFileReference; lastKnownFileType = sourcecode.c.h; path = SSAudioManager.h; sourceTree = "<group>"; };
		10B5782E16939DB6001C97CD /* SSAudioManager.m */ = {isa = PBXFileReference; lastKnownFileType = sourcecode.c.objc; path = SSAudioManager.m; sourceTree = "<group>"; };
		10B5783016939DB6001C97CD /* SSAudioManager-Prefix.pch */ = {isa = PBXFileReference; lastKnownFileType = sourcecode.c.h; path = "SSAudioManager-Prefix.pch"; sourceTree = "<group>"; };
		10B5783916939DCA001C97CD /* SSFacebookAuth.octest */ = {isa = PBXFileReference; explicitFileType = wrapper.cfbundle; includeInIndex = 0; path = SSFacebookAuth.octest; sourceTree = BUILT_PRODUCTS_DIR; };
		10B5783F16939DCA001C97CD /* SSFacebookAuth-Info.plist */ = {isa = PBXFileReference; lastKnownFileType = text.plist.xml; path = "SSFacebookAuth-Info.plist"; sourceTree = "<group>"; };
		10B5784116939DCA001C97CD /* en */ = {isa = PBXFileReference; lastKnownFileType = text.plist.strings; name = en; path = en.lproj/InfoPlist.strings; sourceTree = "<group>"; };
		10B5784316939DCA001C97CD /* SSFacebookAuth.h */ = {isa = PBXFileReference; lastKnownFileType = sourcecode.c.h; path = SSFacebookAuth.h; sourceTree = "<group>"; };
		10B5784416939DCA001C97CD /* SSFacebookAuth.m */ = {isa = PBXFileReference; lastKnownFileType = sourcecode.c.objc; path = SSFacebookAuth.m; sourceTree = "<group>"; };
		10B5784616939DCA001C97CD /* SSFacebookAuth-Prefix.pch */ = {isa = PBXFileReference; lastKnownFileType = sourcecode.c.h; path = "SSFacebookAuth-Prefix.pch"; sourceTree = "<group>"; };
		10B5784F16939DD7001C97CD /* SSNativeBridge.octest */ = {isa = PBXFileReference; explicitFileType = wrapper.cfbundle; includeInIndex = 0; path = SSNativeBridge.octest; sourceTree = BUILT_PRODUCTS_DIR; };
		10B5785516939DD7001C97CD /* SSNativeBridge-Info.plist */ = {isa = PBXFileReference; lastKnownFileType = text.plist.xml; path = "SSNativeBridge-Info.plist"; sourceTree = "<group>"; };
		10B5785716939DD7001C97CD /* en */ = {isa = PBXFileReference; lastKnownFileType = text.plist.strings; name = en; path = en.lproj/InfoPlist.strings; sourceTree = "<group>"; };
		10B5785916939DD7001C97CD /* SSNativeBridge.h */ = {isa = PBXFileReference; lastKnownFileType = sourcecode.c.h; path = SSNativeBridge.h; sourceTree = "<group>"; };
		10B5785A16939DD7001C97CD /* SSNativeBridge.m */ = {isa = PBXFileReference; lastKnownFileType = sourcecode.c.objc; path = SSNativeBridge.m; sourceTree = "<group>"; };
		10B5785C16939DD7001C97CD /* SSNativeBridge-Prefix.pch */ = {isa = PBXFileReference; lastKnownFileType = sourcecode.c.h; path = "SSNativeBridge-Prefix.pch"; sourceTree = "<group>"; };
		10EE33E01667376400D95BAC /* Spartan Missile Strike.app */ = {isa = PBXFileReference; explicitFileType = wrapper.application; includeInIndex = 0; path = "Spartan Missile Strike.app"; sourceTree = BUILT_PRODUCTS_DIR; };
		10EE33E41667376400D95BAC /* UIKit.framework */ = {isa = PBXFileReference; lastKnownFileType = wrapper.framework; name = UIKit.framework; path = System/Library/Frameworks/UIKit.framework; sourceTree = SDKROOT; };
		10EE33E61667376400D95BAC /* Foundation.framework */ = {isa = PBXFileReference; lastKnownFileType = wrapper.framework; name = Foundation.framework; path = System/Library/Frameworks/Foundation.framework; sourceTree = SDKROOT; };
		10EE33E81667376400D95BAC /* CoreGraphics.framework */ = {isa = PBXFileReference; lastKnownFileType = wrapper.framework; name = CoreGraphics.framework; path = System/Library/Frameworks/CoreGraphics.framework; sourceTree = SDKROOT; };
		10EE33EC1667376400D95BAC /* Spartan Missile Strike-Info.plist */ = {isa = PBXFileReference; lastKnownFileType = text.plist.xml; path = "Spartan Missile Strike-Info.plist"; sourceTree = "<group>"; };
		10EE33EE1667376400D95BAC /* en */ = {isa = PBXFileReference; lastKnownFileType = text.plist.strings; name = en; path = en.lproj/InfoPlist.strings; sourceTree = "<group>"; };
		10EE33F01667376400D95BAC /* main.m */ = {isa = PBXFileReference; lastKnownFileType = sourcecode.c.objc; path = main.m; sourceTree = "<group>"; };
		10EE33F21667376400D95BAC /* Spartan Missile Strike-Prefix.pch */ = {isa = PBXFileReference; lastKnownFileType = sourcecode.c.h; path = "Spartan Missile Strike-Prefix.pch"; sourceTree = "<group>"; };
		10EE33F31667376400D95BAC /* SSAppDelegate.h */ = {isa = PBXFileReference; lastKnownFileType = sourcecode.c.h; path = SSAppDelegate.h; sourceTree = "<group>"; };
		10EE33F41667376400D95BAC /* SSAppDelegate.m */ = {isa = PBXFileReference; lastKnownFileType = sourcecode.c.objc; path = SSAppDelegate.m; sourceTree = "<group>"; };
		10EE33F61667376400D95BAC /* Default.png */ = {isa = PBXFileReference; lastKnownFileType = image.png; path = Default.png; sourceTree = "<group>"; };
		10EE33F81667376400D95BAC /* Default@2x.png */ = {isa = PBXFileReference; lastKnownFileType = image.png; path = "Default@2x.png"; sourceTree = "<group>"; };
		10EE33FA1667376400D95BAC /* Default-568h@2x.png */ = {isa = PBXFileReference; lastKnownFileType = image.png; path = "Default-568h@2x.png"; sourceTree = "<group>"; };
		10EE34021667376400D95BAC /* SenTestingKit.framework */ = {isa = PBXFileReference; lastKnownFileType = wrapper.framework; name = SenTestingKit.framework; path = Library/Frameworks/SenTestingKit.framework; sourceTree = DEVELOPER_DIR; };
/* End PBXFileReference section */

/* Begin PBXFrameworksBuildPhase section */
		106A10AE168F82AA0059E189 /* Frameworks */ = {
			isa = PBXFrameworksBuildPhase;
			buildActionMask = 2147483647;
			files = (
				106A10B3168F82AA0059E189 /* SenTestingKit.framework in Frameworks */,
				106A10B4168F82AA0059E189 /* UIKit.framework in Frameworks */,
				106A10B5168F82AA0059E189 /* Foundation.framework in Frameworks */,
			);
			runOnlyForDeploymentPostprocessing = 0;
		};
		10B577B016939D4D001C97CD /* Frameworks */ = {
			isa = PBXFrameworksBuildPhase;
			buildActionMask = 2147483647;
			files = (
				10B577B516939D4D001C97CD /* SenTestingKit.framework in Frameworks */,
				10B577B616939D4D001C97CD /* UIKit.framework in Frameworks */,
				10B577B716939D4D001C97CD /* Foundation.framework in Frameworks */,
			);
			runOnlyForDeploymentPostprocessing = 0;
		};
		10B577C716939D70001C97CD /* Frameworks */ = {
			isa = PBXFrameworksBuildPhase;
			buildActionMask = 2147483647;
			files = (
				10B577CC16939D70001C97CD /* SenTestingKit.framework in Frameworks */,
				10B577CD16939D70001C97CD /* UIKit.framework in Frameworks */,
				10B577CE16939D70001C97CD /* Foundation.framework in Frameworks */,
			);
			runOnlyForDeploymentPostprocessing = 0;
		};
		10B577DD16939D83001C97CD /* Frameworks */ = {
			isa = PBXFrameworksBuildPhase;
			buildActionMask = 2147483647;
			files = (
				10B577E216939D83001C97CD /* SenTestingKit.framework in Frameworks */,
				10B577E316939D83001C97CD /* UIKit.framework in Frameworks */,
				10B577E416939D83001C97CD /* Foundation.framework in Frameworks */,
			);
			runOnlyForDeploymentPostprocessing = 0;
		};
		10B577F316939D95001C97CD /* Frameworks */ = {
			isa = PBXFrameworksBuildPhase;
			buildActionMask = 2147483647;
			files = (
				10B577F816939D95001C97CD /* SenTestingKit.framework in Frameworks */,
				10B577F916939D95001C97CD /* UIKit.framework in Frameworks */,
				10B577FA16939D95001C97CD /* Foundation.framework in Frameworks */,
			);
			runOnlyForDeploymentPostprocessing = 0;
		};
		10B5780916939DA8001C97CD /* Frameworks */ = {
			isa = PBXFrameworksBuildPhase;
			buildActionMask = 2147483647;
			files = (
				10B5780E16939DA8001C97CD /* SenTestingKit.framework in Frameworks */,
				10B5780F16939DA8001C97CD /* UIKit.framework in Frameworks */,
				10B5781016939DA8001C97CD /* Foundation.framework in Frameworks */,
			);
			runOnlyForDeploymentPostprocessing = 0;
		};
		10B5781F16939DB6001C97CD /* Frameworks */ = {
			isa = PBXFrameworksBuildPhase;
			buildActionMask = 2147483647;
			files = (
				10B5782416939DB6001C97CD /* SenTestingKit.framework in Frameworks */,
				10B5782516939DB6001C97CD /* UIKit.framework in Frameworks */,
				10B5782616939DB6001C97CD /* Foundation.framework in Frameworks */,
			);
			runOnlyForDeploymentPostprocessing = 0;
		};
		10B5783516939DCA001C97CD /* Frameworks */ = {
			isa = PBXFrameworksBuildPhase;
			buildActionMask = 2147483647;
			files = (
				10B5783A16939DCA001C97CD /* SenTestingKit.framework in Frameworks */,
				10B5783B16939DCA001C97CD /* UIKit.framework in Frameworks */,
				10B5783C16939DCA001C97CD /* Foundation.framework in Frameworks */,
			);
			runOnlyForDeploymentPostprocessing = 0;
		};
		10B5784B16939DD7001C97CD /* Frameworks */ = {
			isa = PBXFrameworksBuildPhase;
			buildActionMask = 2147483647;
			files = (
				10B5785016939DD7001C97CD /* SenTestingKit.framework in Frameworks */,
				10B5785116939DD7001C97CD /* UIKit.framework in Frameworks */,
				10B5785216939DD7001C97CD /* Foundation.framework in Frameworks */,
			);
			runOnlyForDeploymentPostprocessing = 0;
		};
		10EE33DD1667376400D95BAC /* Frameworks */ = {
			isa = PBXFrameworksBuildPhase;
			buildActionMask = 2147483647;
			files = (
				1095261E16951E84007608EB /* AVFoundation.framework in Frameworks */,
				109526181693F24C007608EB /* CoreLocation.framework in Frameworks */,
				109526151693EEA2007608EB /* AudioToolbox.framework in Frameworks */,
				10EE33E91667376400D95BAC /* CoreGraphics.framework in Frameworks */,
				10EE33E51667376400D95BAC /* UIKit.framework in Frameworks */,
				10EE33E71667376400D95BAC /* Foundation.framework in Frameworks */,
			);
			runOnlyForDeploymentPostprocessing = 0;
		};
/* End PBXFrameworksBuildPhase section */

/* Begin PBXGroup section */
		106A10B6168F82AA0059E189 /* SSUnitTests */ = {
			isa = PBXGroup;
			children = (
				106A10BC168F82AA0059E189 /* SSUnitTests.h */,
				106A10BD168F82AA0059E189 /* SSUnitTests.m */,
				106A10B7168F82AA0059E189 /* Supporting Files */,
			);
			path = SSUnitTests;
			sourceTree = "<group>";
		};
		106A10B7168F82AA0059E189 /* Supporting Files */ = {
			isa = PBXGroup;
			children = (
				106A10B8168F82AA0059E189 /* SSUnitTests-Info.plist */,
				106A10B9168F82AA0059E189 /* InfoPlist.strings */,
				106A10BF168F82AA0059E189 /* SSUnitTests-Prefix.pch */,
			);
			name = "Supporting Files";
			sourceTree = "<group>";
		};
		10B577B816939D4D001C97CD /* SSSpashScreen */ = {
			isa = PBXGroup;
			children = (
				10B577BE16939D4D001C97CD /* SSSpashScreen.h */,
				10B577BF16939D4D001C97CD /* SSSpashScreen.m */,
				10B577B916939D4D001C97CD /* Supporting Files */,
			);
			name = SSSpashScreen;
			path = ../SSSpashScreen;
			sourceTree = "<group>";
		};
		10B577B916939D4D001C97CD /* Supporting Files */ = {
			isa = PBXGroup;
			children = (
				10B577BA16939D4D001C97CD /* SSSpashScreen-Info.plist */,
				10B577BB16939D4D001C97CD /* InfoPlist.strings */,
				10B577C116939D4D001C97CD /* SSSpashScreen-Prefix.pch */,
			);
			name = "Supporting Files";
			sourceTree = "<group>";
		};
		10B577CF16939D70001C97CD /* SSFiring */ = {
			isa = PBXGroup;
			children = (
				10B577D516939D70001C97CD /* SSFiring.h */,
				10B577D616939D70001C97CD /* SSFiring.m */,
				10B577D016939D70001C97CD /* Supporting Files */,
			);
			path = SSFiring;
			sourceTree = "<group>";
		};
		10B577D016939D70001C97CD /* Supporting Files */ = {
			isa = PBXGroup;
			children = (
				10B577D116939D70001C97CD /* SSFiring-Info.plist */,
				10B577D216939D70001C97CD /* InfoPlist.strings */,
				10B577D816939D70001C97CD /* SSFiring-Prefix.pch */,
			);
			name = "Supporting Files";
			sourceTree = "<group>";
		};
		10B577E516939D83001C97CD /* SSLocationManager */ = {
			isa = PBXGroup;
			children = (
				10B577EB16939D83001C97CD /* SSLocationManager.h */,
				10B577EC16939D83001C97CD /* SSLocationManager.m */,
				10B577E616939D83001C97CD /* Supporting Files */,
			);
			path = SSLocationManager;
			sourceTree = "<group>";
		};
		10B577E616939D83001C97CD /* Supporting Files */ = {
			isa = PBXGroup;
			children = (
				10B577E716939D83001C97CD /* SSLocationManager-Info.plist */,
				10B577E816939D83001C97CD /* InfoPlist.strings */,
				10B577EE16939D83001C97CD /* SSLocationManager-Prefix.pch */,
			);
			name = "Supporting Files";
			sourceTree = "<group>";
		};
		10B577FB16939D95001C97CD /* SSPreferenceManager */ = {
			isa = PBXGroup;
			children = (
				10B5780116939D95001C97CD /* SSPreferenceManager.h */,
				10B5780216939D95001C97CD /* SSPreferenceManager.m */,
				10B577FC16939D95001C97CD /* Supporting Files */,
			);
			path = SSPreferenceManager;
			sourceTree = "<group>";
		};
		10B577FC16939D95001C97CD /* Supporting Files */ = {
			isa = PBXGroup;
			children = (
				10B577FD16939D95001C97CD /* SSPreferenceManager-Info.plist */,
				10B577FE16939D95001C97CD /* InfoPlist.strings */,
				10B5780416939D95001C97CD /* SSPreferenceManager-Prefix.pch */,
			);
			name = "Supporting Files";
			sourceTree = "<group>";
		};
		10B5781116939DA8001C97CD /* SSMotionManager */ = {
			isa = PBXGroup;
			children = (
				10B5781716939DA8001C97CD /* SSMotionManager.h */,
				10B5781816939DA8001C97CD /* SSMotionManager.m */,
				10B5781216939DA8001C97CD /* Supporting Files */,
			);
			path = SSMotionManager;
			sourceTree = "<group>";
		};
		10B5781216939DA8001C97CD /* Supporting Files */ = {
			isa = PBXGroup;
			children = (
				10B5781316939DA8001C97CD /* SSMotionManager-Info.plist */,
				10B5781416939DA8001C97CD /* InfoPlist.strings */,
				10B5781A16939DA8001C97CD /* SSMotionManager-Prefix.pch */,
			);
			name = "Supporting Files";
			sourceTree = "<group>";
		};
		10B5782716939DB6001C97CD /* SSAudioManager */ = {
			isa = PBXGroup;
			children = (
				10B5782D16939DB6001C97CD /* SSAudioManager.h */,
				10B5782E16939DB6001C97CD /* SSAudioManager.m */,
				10B5782816939DB6001C97CD /* Supporting Files */,
			);
			path = SSAudioManager;
			sourceTree = "<group>";
		};
		10B5782816939DB6001C97CD /* Supporting Files */ = {
			isa = PBXGroup;
			children = (
				10B5782916939DB6001C97CD /* SSAudioManager-Info.plist */,
				10B5782A16939DB6001C97CD /* InfoPlist.strings */,
				10B5783016939DB6001C97CD /* SSAudioManager-Prefix.pch */,
			);
			name = "Supporting Files";
			sourceTree = "<group>";
		};
		10B5783D16939DCA001C97CD /* SSFacebookAuth */ = {
			isa = PBXGroup;
			children = (
				10B5784316939DCA001C97CD /* SSFacebookAuth.h */,
				10B5784416939DCA001C97CD /* SSFacebookAuth.m */,
				10B5783E16939DCA001C97CD /* Supporting Files */,
			);
			path = SSFacebookAuth;
			sourceTree = "<group>";
		};
		10B5783E16939DCA001C97CD /* Supporting Files */ = {
			isa = PBXGroup;
			children = (
				10B5783F16939DCA001C97CD /* SSFacebookAuth-Info.plist */,
				10B5784016939DCA001C97CD /* InfoPlist.strings */,
				10B5784616939DCA001C97CD /* SSFacebookAuth-Prefix.pch */,
			);
			name = "Supporting Files";
			sourceTree = "<group>";
		};
		10B5785316939DD7001C97CD /* SSNativeBridge */ = {
			isa = PBXGroup;
			children = (
				10B5785916939DD7001C97CD /* SSNativeBridge.h */,
				10B5785A16939DD7001C97CD /* SSNativeBridge.m */,
				10B5785416939DD7001C97CD /* Supporting Files */,
			);
			path = SSNativeBridge;
			sourceTree = "<group>";
		};
		10B5785416939DD7001C97CD /* Supporting Files */ = {
			isa = PBXGroup;
			children = (
				10B5785516939DD7001C97CD /* SSNativeBridge-Info.plist */,
				10B5785616939DD7001C97CD /* InfoPlist.strings */,
				10B5785C16939DD7001C97CD /* SSNativeBridge-Prefix.pch */,
			);
			name = "Supporting Files";
			sourceTree = "<group>";
		};
		10EE33D51667376400D95BAC = {
			isa = PBXGroup;
			children = (
				10EE33EA1667376400D95BAC /* Spartan Missile Strike */,
				10B577CF16939D70001C97CD /* SSFiring */,
				10B577E516939D83001C97CD /* SSLocationManager */,
				10B577FB16939D95001C97CD /* SSPreferenceManager */,
				10B5781116939DA8001C97CD /* SSMotionManager */,
				10B5782716939DB6001C97CD /* SSAudioManager */,
				10B5783D16939DCA001C97CD /* SSFacebookAuth */,
				10B5785316939DD7001C97CD /* SSNativeBridge */,
				106A10B6168F82AA0059E189 /* SSUnitTests */,
				10EE33E31667376400D95BAC /* Frameworks */,
				10EE33E11667376400D95BAC /* Products */,
			);
			sourceTree = "<group>";
		};
		10EE33E11667376400D95BAC /* Products */ = {
			isa = PBXGroup;
			children = (
				10EE33E01667376400D95BAC /* Spartan Missile Strike.app */,
				106A10B2168F82AA0059E189 /* SSUnitTests.octest */,
				10B577B416939D4D001C97CD /* SSSpashScreen.octest */,
				10B577CB16939D70001C97CD /* SSFiring.octest */,
				10B577E116939D83001C97CD /* SSLocationManager.octest */,
				10B577F716939D95001C97CD /* SSPreferenceManager.octest */,
				10B5780D16939DA8001C97CD /* SSMotionManager.octest */,
				10B5782316939DB6001C97CD /* SSAudioManager.octest */,
				10B5783916939DCA001C97CD /* SSFacebookAuth.octest */,
				10B5784F16939DD7001C97CD /* SSNativeBridge.octest */,
			);
			name = Products;
			sourceTree = "<group>";
		};
		10EE33E31667376400D95BAC /* Frameworks */ = {
			isa = PBXGroup;
			children = (
				1095261D16951E84007608EB /* AVFoundation.framework */,
				109526171693F24C007608EB /* CoreLocation.framework */,
				109526131693EEA2007608EB /* AudioToolbox.framework */,
				10EE33E41667376400D95BAC /* UIKit.framework */,
				10EE33E61667376400D95BAC /* Foundation.framework */,
				10EE33E81667376400D95BAC /* CoreGraphics.framework */,
				10EE34021667376400D95BAC /* SenTestingKit.framework */,
			);
			name = Frameworks;
			sourceTree = "<group>";
		};
		10EE33EA1667376400D95BAC /* Spartan Missile Strike */ = {
			isa = PBXGroup;
			children = (
				1061781E1685A667001F8770 /* SSSplashScreenView.h */,
				1061781F1685A667001F8770 /* SSSplashScreenView.m */,
				106178211685A685001F8770 /* SSFiringView.h */,
				106178221685A685001F8770 /* SSFiringView.m */,
				106178241685A6BC001F8770 /* SSLocationManager.h */,
				106178251685A6BC001F8770 /* SSLocationManager.m */,
				106178271685A6DF001F8770 /* SSPreferenceManager.h */,
				106178281685A6DF001F8770 /* SSPreferenceManager.m */,
				1061782A1685A706001F8770 /* SSMotionManager.h */,
				1061782B1685A706001F8770 /* SSMotionManager.m */,
				106178171685A617001F8770 /* SSAudioManager.h */,
				106178181685A617001F8770 /* SSAudioManager.m */,
				1061781B1685A647001F8770 /* SSFacebookAuth.h */,
				1061781C1685A647001F8770 /* SSFacebookAuth.m */,
				106178101685172E001F8770 /* SSNativeBridge.h */,
				106178111685172F001F8770 /* SSNativeBridge.m */,
				10EE33F31667376400D95BAC /* SSAppDelegate.h */,
				10EE33F41667376400D95BAC /* SSAppDelegate.m */,
				10EE33EB1667376400D95BAC /* Supporting Files */,
				10B577B816939D4D001C97CD /* SSSpashScreen */,
			);
			path = "Spartan Missile Strike";
			sourceTree = "<group>";
		};
		10EE33EB1667376400D95BAC /* Supporting Files */ = {
			isa = PBXGroup;
			children = (
				10952620169521D4007608EB /* ADELE - Skyfall.mp3 */,
				10EE33EC1667376400D95BAC /* Spartan Missile Strike-Info.plist */,
				10EE33ED1667376400D95BAC /* InfoPlist.strings */,
				10EE33F01667376400D95BAC /* main.m */,
				10EE33F21667376400D95BAC /* Spartan Missile Strike-Prefix.pch */,
				10EE33F61667376400D95BAC /* Default.png */,
				10EE33F81667376400D95BAC /* Default@2x.png */,
				10EE33FA1667376400D95BAC /* Default-568h@2x.png */,
			);
			name = "Supporting Files";
			sourceTree = "<group>";
		};
/* End PBXGroup section */

/* Begin PBXNativeTarget section */
		106A10B1168F82AA0059E189 /* SSUnitTests */ = {
			isa = PBXNativeTarget;
			buildConfigurationList = 106A10C0168F82AA0059E189 /* Build configuration list for PBXNativeTarget "SSUnitTests" */;
			buildPhases = (
				106A10AD168F82AA0059E189 /* Sources */,
				106A10AE168F82AA0059E189 /* Frameworks */,
				106A10AF168F82AA0059E189 /* Resources */,
				106A10B0168F82AA0059E189 /* ShellScript */,
			);
			buildRules = (
			);
			dependencies = (
			);
			name = SSUnitTests;
			productName = SSUnitTests;
			productReference = 106A10B2168F82AA0059E189 /* SSUnitTests.octest */;
			productType = "com.apple.product-type.bundle";
		};
		10B577B316939D4D001C97CD /* SSSpashScreen */ = {
			isa = PBXNativeTarget;
			buildConfigurationList = 10B577C416939D4D001C97CD /* Build configuration list for PBXNativeTarget "SSSpashScreen" */;
			buildPhases = (
				10B577AF16939D4D001C97CD /* Sources */,
				10B577B016939D4D001C97CD /* Frameworks */,
				10B577B116939D4D001C97CD /* Resources */,
				10B577B216939D4D001C97CD /* ShellScript */,
			);
			buildRules = (
			);
			dependencies = (
			);
			name = SSSpashScreen;
			productName = SSSpashScreen;
			productReference = 10B577B416939D4D001C97CD /* SSSpashScreen.octest */;
			productType = "com.apple.product-type.bundle";
		};
		10B577CA16939D70001C97CD /* SSFiring */ = {
			isa = PBXNativeTarget;
			buildConfigurationList = 10B577D916939D70001C97CD /* Build configuration list for PBXNativeTarget "SSFiring" */;
			buildPhases = (
				10B577C616939D70001C97CD /* Sources */,
				10B577C716939D70001C97CD /* Frameworks */,
				10B577C816939D70001C97CD /* Resources */,
				10B577C916939D70001C97CD /* ShellScript */,
			);
			buildRules = (
			);
			dependencies = (
			);
			name = SSFiring;
			productName = SSFiring;
			productReference = 10B577CB16939D70001C97CD /* SSFiring.octest */;
			productType = "com.apple.product-type.bundle";
		};
		10B577E016939D83001C97CD /* SSLocationManager */ = {
			isa = PBXNativeTarget;
			buildConfigurationList = 10B577EF16939D83001C97CD /* Build configuration list for PBXNativeTarget "SSLocationManager" */;
			buildPhases = (
				10B577DC16939D83001C97CD /* Sources */,
				10B577DD16939D83001C97CD /* Frameworks */,
				10B577DE16939D83001C97CD /* Resources */,
				10B577DF16939D83001C97CD /* ShellScript */,
			);
			buildRules = (
			);
			dependencies = (
			);
			name = SSLocationManager;
			productName = SSLocationManager;
			productReference = 10B577E116939D83001C97CD /* SSLocationManager.octest */;
			productType = "com.apple.product-type.bundle";
		};
		10B577F616939D95001C97CD /* SSPreferenceManager */ = {
			isa = PBXNativeTarget;
			buildConfigurationList = 10B5780516939D95001C97CD /* Build configuration list for PBXNativeTarget "SSPreferenceManager" */;
			buildPhases = (
				10B577F216939D95001C97CD /* Sources */,
				10B577F316939D95001C97CD /* Frameworks */,
				10B577F416939D95001C97CD /* Resources */,
				10B577F516939D95001C97CD /* ShellScript */,
			);
			buildRules = (
			);
			dependencies = (
			);
			name = SSPreferenceManager;
			productName = SSPreferenceManager;
			productReference = 10B577F716939D95001C97CD /* SSPreferenceManager.octest */;
			productType = "com.apple.product-type.bundle";
		};
		10B5780C16939DA8001C97CD /* SSMotionManager */ = {
			isa = PBXNativeTarget;
			buildConfigurationList = 10B5781B16939DA8001C97CD /* Build configuration list for PBXNativeTarget "SSMotionManager" */;
			buildPhases = (
				10B5780816939DA8001C97CD /* Sources */,
				10B5780916939DA8001C97CD /* Frameworks */,
				10B5780A16939DA8001C97CD /* Resources */,
				10B5780B16939DA8001C97CD /* ShellScript */,
			);
			buildRules = (
			);
			dependencies = (
			);
			name = SSMotionManager;
			productName = SSMotionManager;
			productReference = 10B5780D16939DA8001C97CD /* SSMotionManager.octest */;
			productType = "com.apple.product-type.bundle";
		};
		10B5782216939DB6001C97CD /* SSAudioManager */ = {
			isa = PBXNativeTarget;
			buildConfigurationList = 10B5783116939DB6001C97CD /* Build configuration list for PBXNativeTarget "SSAudioManager" */;
			buildPhases = (
				10B5781E16939DB6001C97CD /* Sources */,
				10B5781F16939DB6001C97CD /* Frameworks */,
				10B5782016939DB6001C97CD /* Resources */,
				10B5782116939DB6001C97CD /* ShellScript */,
			);
			buildRules = (
			);
			dependencies = (
			);
			name = SSAudioManager;
			productName = SSAudioManager;
			productReference = 10B5782316939DB6001C97CD /* SSAudioManager.octest */;
			productType = "com.apple.product-type.bundle";
		};
		10B5783816939DCA001C97CD /* SSFacebookAuth */ = {
			isa = PBXNativeTarget;
			buildConfigurationList = 10B5784716939DCA001C97CD /* Build configuration list for PBXNativeTarget "SSFacebookAuth" */;
			buildPhases = (
				10B5783416939DCA001C97CD /* Sources */,
				10B5783516939DCA001C97CD /* Frameworks */,
				10B5783616939DCA001C97CD /* Resources */,
				10B5783716939DCA001C97CD /* ShellScript */,
			);
			buildRules = (
			);
			dependencies = (
			);
			name = SSFacebookAuth;
			productName = SSFacebookAuth;
			productReference = 10B5783916939DCA001C97CD /* SSFacebookAuth.octest */;
			productType = "com.apple.product-type.bundle";
		};
		10B5784E16939DD7001C97CD /* SSNativeBridge */ = {
			isa = PBXNativeTarget;
			buildConfigurationList = 10B5785D16939DD7001C97CD /* Build configuration list for PBXNativeTarget "SSNativeBridge" */;
			buildPhases = (
				10B5784A16939DD7001C97CD /* Sources */,
				10B5784B16939DD7001C97CD /* Frameworks */,
				10B5784C16939DD7001C97CD /* Resources */,
				10B5784D16939DD7001C97CD /* ShellScript */,
			);
			buildRules = (
			);
			dependencies = (
			);
			name = SSNativeBridge;
			productName = SSNativeBridge;
			productReference = 10B5784F16939DD7001C97CD /* SSNativeBridge.octest */;
			productType = "com.apple.product-type.bundle";
		};
		10EE33DF1667376400D95BAC /* Spartan Missile Strike */ = {
			isa = PBXNativeTarget;
			buildConfigurationList = 10EE34131667376400D95BAC /* Build configuration list for PBXNativeTarget "Spartan Missile Strike" */;
			buildPhases = (
				10EE33DC1667376400D95BAC /* Sources */,
				10EE33DD1667376400D95BAC /* Frameworks */,
				10EE33DE1667376400D95BAC /* Resources */,
			);
			buildRules = (
			);
			dependencies = (
			);
			name = "Spartan Missile Strike";
			productName = "Spartan Missile Strike";
			productReference = 10EE33E01667376400D95BAC /* Spartan Missile Strike.app */;
			productType = "com.apple.product-type.application";
		};
/* End PBXNativeTarget section */

/* Begin PBXProject section */
		10EE33D71667376400D95BAC /* Project object */ = {
			isa = PBXProject;
			attributes = {
				LastUpgradeCheck = 0450;
				ORGANIZATIONNAME = "Jomana Sherif";
			};
			buildConfigurationList = 10EE33DA1667376400D95BAC /* Build configuration list for PBXProject "Spartan Missile Strike" */;
			compatibilityVersion = "Xcode 3.2";
			developmentRegion = English;
			hasScannedForEncodings = 0;
			knownRegions = (
				en,
			);
			mainGroup = 10EE33D51667376400D95BAC;
			productRefGroup = 10EE33E11667376400D95BAC /* Products */;
			projectDirPath = "";
			projectRoot = "";
			targets = (
				10EE33DF1667376400D95BAC /* Spartan Missile Strike */,
				106A10B1168F82AA0059E189 /* SSUnitTests */,
				10B577B316939D4D001C97CD /* SSSpashScreen */,
				10B577CA16939D70001C97CD /* SSFiring */,
				10B577E016939D83001C97CD /* SSLocationManager */,
				10B577F616939D95001C97CD /* SSPreferenceManager */,
				10B5780C16939DA8001C97CD /* SSMotionManager */,
				10B5782216939DB6001C97CD /* SSAudioManager */,
				10B5783816939DCA001C97CD /* SSFacebookAuth */,
				10B5784E16939DD7001C97CD /* SSNativeBridge */,
			);
		};
/* End PBXProject section */

/* Begin PBXResourcesBuildPhase section */
		106A10AF168F82AA0059E189 /* Resources */ = {
			isa = PBXResourcesBuildPhase;
			buildActionMask = 2147483647;
			files = (
				106A10BB168F82AA0059E189 /* InfoPlist.strings in Resources */,
			);
			runOnlyForDeploymentPostprocessing = 0;
		};
		10B577B116939D4D001C97CD /* Resources */ = {
			isa = PBXResourcesBuildPhase;
			buildActionMask = 2147483647;
			files = (
				10B577BD16939D4D001C97CD /* InfoPlist.strings in Resources */,
			);
			runOnlyForDeploymentPostprocessing = 0;
		};
		10B577C816939D70001C97CD /* Resources */ = {
			isa = PBXResourcesBuildPhase;
			buildActionMask = 2147483647;
			files = (
				10B577D416939D70001C97CD /* InfoPlist.strings in Resources */,
			);
			runOnlyForDeploymentPostprocessing = 0;
		};
		10B577DE16939D83001C97CD /* Resources */ = {
			isa = PBXResourcesBuildPhase;
			buildActionMask = 2147483647;
			files = (
				10B577EA16939D83001C97CD /* InfoPlist.strings in Resources */,
			);
			runOnlyForDeploymentPostprocessing = 0;
		};
		10B577F416939D95001C97CD /* Resources */ = {
			isa = PBXResourcesBuildPhase;
			buildActionMask = 2147483647;
			files = (
				10B5780016939D95001C97CD /* InfoPlist.strings in Resources */,
			);
			runOnlyForDeploymentPostprocessing = 0;
		};
		10B5780A16939DA8001C97CD /* Resources */ = {
			isa = PBXResourcesBuildPhase;
			buildActionMask = 2147483647;
			files = (
				10B5781616939DA8001C97CD /* InfoPlist.strings in Resources */,
			);
			runOnlyForDeploymentPostprocessing = 0;
		};
		10B5782016939DB6001C97CD /* Resources */ = {
			isa = PBXResourcesBuildPhase;
			buildActionMask = 2147483647;
			files = (
				10B5782C16939DB6001C97CD /* InfoPlist.strings in Resources */,
			);
			runOnlyForDeploymentPostprocessing = 0;
		};
		10B5783616939DCA001C97CD /* Resources */ = {
			isa = PBXResourcesBuildPhase;
			buildActionMask = 2147483647;
			files = (
				10B5784216939DCA001C97CD /* InfoPlist.strings in Resources */,
			);
			runOnlyForDeploymentPostprocessing = 0;
		};
		10B5784C16939DD7001C97CD /* Resources */ = {
			isa = PBXResourcesBuildPhase;
			buildActionMask = 2147483647;
			files = (
				10B5785816939DD7001C97CD /* InfoPlist.strings in Resources */,
			);
			runOnlyForDeploymentPostprocessing = 0;
		};
		10EE33DE1667376400D95BAC /* Resources */ = {
			isa = PBXResourcesBuildPhase;
			buildActionMask = 2147483647;
			files = (
				10EE33EF1667376400D95BAC /* InfoPlist.strings in Resources */,
				10EE33F71667376400D95BAC /* Default.png in Resources */,
				10EE33F91667376400D95BAC /* Default@2x.png in Resources */,
				10EE33FB1667376400D95BAC /* Default-568h@2x.png in Resources */,
				10952621169521D4007608EB /* ADELE - Skyfall.mp3 in Resources */,
			);
			runOnlyForDeploymentPostprocessing = 0;
		};
/* End PBXResourcesBuildPhase section */

/* Begin PBXShellScriptBuildPhase section */
		106A10B0168F82AA0059E189 /* ShellScript */ = {
			isa = PBXShellScriptBuildPhase;
			buildActionMask = 2147483647;
			files = (
			);
			inputPaths = (
			);
			outputPaths = (
			);
			runOnlyForDeploymentPostprocessing = 0;
			shellPath = /bin/sh;
			shellScript = "# Run the unit tests in this test bundle.\n\"${SYSTEM_DEVELOPER_DIR}/Tools/RunUnitTests\"\n";
		};
		10B577B216939D4D001C97CD /* ShellScript */ = {
			isa = PBXShellScriptBuildPhase;
			buildActionMask = 2147483647;
			files = (
			);
			inputPaths = (
			);
			outputPaths = (
			);
			runOnlyForDeploymentPostprocessing = 0;
			shellPath = /bin/sh;
			shellScript = "# Run the unit tests in this test bundle.\n\"${SYSTEM_DEVELOPER_DIR}/Tools/RunUnitTests\"\n";
		};
		10B577C916939D70001C97CD /* ShellScript */ = {
			isa = PBXShellScriptBuildPhase;
			buildActionMask = 2147483647;
			files = (
			);
			inputPaths = (
			);
			outputPaths = (
			);
			runOnlyForDeploymentPostprocessing = 0;
			shellPath = /bin/sh;
			shellScript = "# Run the unit tests in this test bundle.\n\"${SYSTEM_DEVELOPER_DIR}/Tools/RunUnitTests\"\n";
		};
		10B577DF16939D83001C97CD /* ShellScript */ = {
			isa = PBXShellScriptBuildPhase;
			buildActionMask = 2147483647;
			files = (
			);
			inputPaths = (
			);
			outputPaths = (
			);
			runOnlyForDeploymentPostprocessing = 0;
			shellPath = /bin/sh;
			shellScript = "# Run the unit tests in this test bundle.\n\"${SYSTEM_DEVELOPER_DIR}/Tools/RunUnitTests\"\n";
		};
		10B577F516939D95001C97CD /* ShellScript */ = {
			isa = PBXShellScriptBuildPhase;
			buildActionMask = 2147483647;
			files = (
			);
			inputPaths = (
			);
			outputPaths = (
			);
			runOnlyForDeploymentPostprocessing = 0;
			shellPath = /bin/sh;
			shellScript = "# Run the unit tests in this test bundle.\n\"${SYSTEM_DEVELOPER_DIR}/Tools/RunUnitTests\"\n";
		};
		10B5780B16939DA8001C97CD /* ShellScript */ = {
			isa = PBXShellScriptBuildPhase;
			buildActionMask = 2147483647;
			files = (
			);
			inputPaths = (
			);
			outputPaths = (
			);
			runOnlyForDeploymentPostprocessing = 0;
			shellPath = /bin/sh;
			shellScript = "# Run the unit tests in this test bundle.\n\"${SYSTEM_DEVELOPER_DIR}/Tools/RunUnitTests\"\n";
		};
		10B5782116939DB6001C97CD /* ShellScript */ = {
			isa = PBXShellScriptBuildPhase;
			buildActionMask = 2147483647;
			files = (
			);
			inputPaths = (
			);
			outputPaths = (
			);
			runOnlyForDeploymentPostprocessing = 0;
			shellPath = /bin/sh;
			shellScript = "# Run the unit tests in this test bundle.\n\"${SYSTEM_DEVELOPER_DIR}/Tools/RunUnitTests\"\n";
		};
		10B5783716939DCA001C97CD /* ShellScript */ = {
			isa = PBXShellScriptBuildPhase;
			buildActionMask = 2147483647;
			files = (
			);
			inputPaths = (
			);
			outputPaths = (
			);
			runOnlyForDeploymentPostprocessing = 0;
			shellPath = /bin/sh;
			shellScript = "# Run the unit tests in this test bundle.\n\"${SYSTEM_DEVELOPER_DIR}/Tools/RunUnitTests\"\n";
		};
		10B5784D16939DD7001C97CD /* ShellScript */ = {
			isa = PBXShellScriptBuildPhase;
			buildActionMask = 2147483647;
			files = (
			);
			inputPaths = (
			);
			outputPaths = (
			);
			runOnlyForDeploymentPostprocessing = 0;
			shellPath = /bin/sh;
			shellScript = "# Run the unit tests in this test bundle.\n\"${SYSTEM_DEVELOPER_DIR}/Tools/RunUnitTests\"\n";
		};
/* End PBXShellScriptBuildPhase section */

/* Begin PBXSourcesBuildPhase section */
		106A10AD168F82AA0059E189 /* Sources */ = {
			isa = PBXSourcesBuildPhase;
			buildActionMask = 2147483647;
			files = (
				106A10BE168F82AA0059E189 /* SSUnitTests.m in Sources */,
			);
			runOnlyForDeploymentPostprocessing = 0;
		};
		10B577AF16939D4D001C97CD /* Sources */ = {
			isa = PBXSourcesBuildPhase;
			buildActionMask = 2147483647;
			files = (
				10B577C016939D4D001C97CD /* SSSpashScreen.m in Sources */,
			);
			runOnlyForDeploymentPostprocessing = 0;
		};
		10B577C616939D70001C97CD /* Sources */ = {
			isa = PBXSourcesBuildPhase;
			buildActionMask = 2147483647;
			files = (
				10B577D716939D70001C97CD /* SSFiring.m in Sources */,
			);
			runOnlyForDeploymentPostprocessing = 0;
		};
		10B577DC16939D83001C97CD /* Sources */ = {
			isa = PBXSourcesBuildPhase;
			buildActionMask = 2147483647;
			files = (
				10B577ED16939D83001C97CD /* SSLocationManager.m in Sources */,
			);
			runOnlyForDeploymentPostprocessing = 0;
		};
		10B577F216939D95001C97CD /* Sources */ = {
			isa = PBXSourcesBuildPhase;
			buildActionMask = 2147483647;
			files = (
				10B5780316939D95001C97CD /* SSPreferenceManager.m in Sources */,
			);
			runOnlyForDeploymentPostprocessing = 0;
		};
		10B5780816939DA8001C97CD /* Sources */ = {
			isa = PBXSourcesBuildPhase;
			buildActionMask = 2147483647;
			files = (
				10B5781916939DA8001C97CD /* SSMotionManager.m in Sources */,
			);
			runOnlyForDeploymentPostprocessing = 0;
		};
		10B5781E16939DB6001C97CD /* Sources */ = {
			isa = PBXSourcesBuildPhase;
			buildActionMask = 2147483647;
			files = (
				10B5782F16939DB6001C97CD /* SSAudioManager.m in Sources */,
			);
			runOnlyForDeploymentPostprocessing = 0;
		};
		10B5783416939DCA001C97CD /* Sources */ = {
			isa = PBXSourcesBuildPhase;
			buildActionMask = 2147483647;
			files = (
				10B5784516939DCA001C97CD /* SSFacebookAuth.m in Sources */,
			);
			runOnlyForDeploymentPostprocessing = 0;
		};
		10B5784A16939DD7001C97CD /* Sources */ = {
			isa = PBXSourcesBuildPhase;
			buildActionMask = 2147483647;
			files = (
				10B5785B16939DD7001C97CD /* SSNativeBridge.m in Sources */,
			);
			runOnlyForDeploymentPostprocessing = 0;
		};
		10EE33DC1667376400D95BAC /* Sources */ = {
			isa = PBXSourcesBuildPhase;
			buildActionMask = 2147483647;
			files = (
				10EE33F11667376400D95BAC /* main.m in Sources */,
				10EE33F51667376400D95BAC /* SSAppDelegate.m in Sources */,
				106178121685172F001F8770 /* SSNativeBridge.m in Sources */,
				106178191685A617001F8770 /* SSAudioManager.m in Sources */,
				1061781D1685A647001F8770 /* SSFacebookAuth.m in Sources */,
				106178201685A667001F8770 /* SSSplashScreenView.m in Sources */,
				106178231685A685001F8770 /* SSFiringView.m in Sources */,
				106178261685A6BD001F8770 /* SSLocationManager.m in Sources */,
				106178291685A6DF001F8770 /* SSPreferenceManager.m in Sources */,
				1061782C1685A706001F8770 /* SSMotionManager.m in Sources */,
			);
			runOnlyForDeploymentPostprocessing = 0;
		};
/* End PBXSourcesBuildPhase section */

/* Begin PBXVariantGroup section */
		106A10B9168F82AA0059E189 /* InfoPlist.strings */ = {
			isa = PBXVariantGroup;
			children = (
				106A10BA168F82AA0059E189 /* en */,
			);
			name = InfoPlist.strings;
			sourceTree = "<group>";
		};
		10B577BB16939D4D001C97CD /* InfoPlist.strings */ = {
			isa = PBXVariantGroup;
			children = (
				10B577BC16939D4D001C97CD /* en */,
			);
			name = InfoPlist.strings;
			sourceTree = "<group>";
		};
		10B577D216939D70001C97CD /* InfoPlist.strings */ = {
			isa = PBXVariantGroup;
			children = (
				10B577D316939D70001C97CD /* en */,
			);
			name = InfoPlist.strings;
			sourceTree = "<group>";
		};
		10B577E816939D83001C97CD /* InfoPlist.strings */ = {
			isa = PBXVariantGroup;
			children = (
				10B577E916939D83001C97CD /* en */,
			);
			name = InfoPlist.strings;
			sourceTree = "<group>";
		};
		10B577FE16939D95001C97CD /* InfoPlist.strings */ = {
			isa = PBXVariantGroup;
			children = (
				10B577FF16939D95001C97CD /* en */,
			);
			name = InfoPlist.strings;
			sourceTree = "<group>";
		};
		10B5781416939DA8001C97CD /* InfoPlist.strings */ = {
			isa = PBXVariantGroup;
			children = (
				10B5781516939DA8001C97CD /* en */,
			);
			name = InfoPlist.strings;
			sourceTree = "<group>";
		};
		10B5782A16939DB6001C97CD /* InfoPlist.strings */ = {
			isa = PBXVariantGroup;
			children = (
				10B5782B16939DB6001C97CD /* en */,
			);
			name = InfoPlist.strings;
			sourceTree = "<group>";
		};
		10B5784016939DCA001C97CD /* InfoPlist.strings */ = {
			isa = PBXVariantGroup;
			children = (
				10B5784116939DCA001C97CD /* en */,
			);
			name = InfoPlist.strings;
			sourceTree = "<group>";
		};
		10B5785616939DD7001C97CD /* InfoPlist.strings */ = {
			isa = PBXVariantGroup;
			children = (
				10B5785716939DD7001C97CD /* en */,
			);
			name = InfoPlist.strings;
			sourceTree = "<group>";
		};
		10EE33ED1667376400D95BAC /* InfoPlist.strings */ = {
			isa = PBXVariantGroup;
			children = (
				10EE33EE1667376400D95BAC /* en */,
			);
			name = InfoPlist.strings;
			sourceTree = "<group>";
		};
/* End PBXVariantGroup section */

/* Begin XCBuildConfiguration section */
		106A10C1168F82AA0059E189 /* Debug */ = {
			isa = XCBuildConfiguration;
			buildSettings = {
				FRAMEWORK_SEARCH_PATHS = (
					"\"$(SDKROOT)/Developer/Library/Frameworks\"",
					"\"$(DEVELOPER_LIBRARY_DIR)/Frameworks\"",
				);
				GCC_PRECOMPILE_PREFIX_HEADER = YES;
				GCC_PREFIX_HEADER = "SSUnitTests/SSUnitTests-Prefix.pch";
				INFOPLIST_FILE = "SSUnitTests/SSUnitTests-Info.plist";
				PRODUCT_NAME = "$(TARGET_NAME)";
				WRAPPER_EXTENSION = octest;
			};
			name = Debug;
		};
		106A10C2168F82AA0059E189 /* Release */ = {
			isa = XCBuildConfiguration;
			buildSettings = {
				FRAMEWORK_SEARCH_PATHS = (
					"\"$(SDKROOT)/Developer/Library/Frameworks\"",
					"\"$(DEVELOPER_LIBRARY_DIR)/Frameworks\"",
				);
				GCC_PRECOMPILE_PREFIX_HEADER = YES;
				GCC_PREFIX_HEADER = "SSUnitTests/SSUnitTests-Prefix.pch";
				INFOPLIST_FILE = "SSUnitTests/SSUnitTests-Info.plist";
				PRODUCT_NAME = "$(TARGET_NAME)";
				WRAPPER_EXTENSION = octest;
			};
			name = Release;
		};
		10B577C216939D4D001C97CD /* Debug */ = {
			isa = XCBuildConfiguration;
			buildSettings = {
				FRAMEWORK_SEARCH_PATHS = (
					"\"$(SDKROOT)/Developer/Library/Frameworks\"",
					"\"$(DEVELOPER_LIBRARY_DIR)/Frameworks\"",
				);
				GCC_PRECOMPILE_PREFIX_HEADER = YES;
				GCC_PREFIX_HEADER = "SSSpashScreen/SSSpashScreen-Prefix.pch";
				INFOPLIST_FILE = "SSSpashScreen/SSSpashScreen-Info.plist";
				PRODUCT_NAME = "$(TARGET_NAME)";
				WRAPPER_EXTENSION = octest;
			};
			name = Debug;
		};
		10B577C316939D4D001C97CD /* Release */ = {
			isa = XCBuildConfiguration;
			buildSettings = {
				FRAMEWORK_SEARCH_PATHS = (
					"\"$(SDKROOT)/Developer/Library/Frameworks\"",
					"\"$(DEVELOPER_LIBRARY_DIR)/Frameworks\"",
				);
				GCC_PRECOMPILE_PREFIX_HEADER = YES;
				GCC_PREFIX_HEADER = "SSSpashScreen/SSSpashScreen-Prefix.pch";
				INFOPLIST_FILE = "SSSpashScreen/SSSpashScreen-Info.plist";
				PRODUCT_NAME = "$(TARGET_NAME)";
				WRAPPER_EXTENSION = octest;
			};
			name = Release;
		};
		10B577DA16939D70001C97CD /* Debug */ = {
			isa = XCBuildConfiguration;
			buildSettings = {
				FRAMEWORK_SEARCH_PATHS = (
					"\"$(SDKROOT)/Developer/Library/Frameworks\"",
					"\"$(DEVELOPER_LIBRARY_DIR)/Frameworks\"",
				);
				GCC_PRECOMPILE_PREFIX_HEADER = YES;
				GCC_PREFIX_HEADER = "SSFiring/SSFiring-Prefix.pch";
				INFOPLIST_FILE = "SSFiring/SSFiring-Info.plist";
				PRODUCT_NAME = "$(TARGET_NAME)";
				WRAPPER_EXTENSION = octest;
			};
			name = Debug;
		};
		10B577DB16939D70001C97CD /* Release */ = {
			isa = XCBuildConfiguration;
			buildSettings = {
				FRAMEWORK_SEARCH_PATHS = (
					"\"$(SDKROOT)/Developer/Library/Frameworks\"",
					"\"$(DEVELOPER_LIBRARY_DIR)/Frameworks\"",
				);
				GCC_PRECOMPILE_PREFIX_HEADER = YES;
				GCC_PREFIX_HEADER = "SSFiring/SSFiring-Prefix.pch";
				INFOPLIST_FILE = "SSFiring/SSFiring-Info.plist";
				PRODUCT_NAME = "$(TARGET_NAME)";
				WRAPPER_EXTENSION = octest;
			};
			name = Release;
		};
		10B577F016939D83001C97CD /* Debug */ = {
			isa = XCBuildConfiguration;
			buildSettings = {
				FRAMEWORK_SEARCH_PATHS = (
					"\"$(SDKROOT)/Developer/Library/Frameworks\"",
					"\"$(DEVELOPER_LIBRARY_DIR)/Frameworks\"",
				);
				GCC_PRECOMPILE_PREFIX_HEADER = YES;
				GCC_PREFIX_HEADER = "SSLocationManager/SSLocationManager-Prefix.pch";
				INFOPLIST_FILE = "SSLocationManager/SSLocationManager-Info.plist";
				PRODUCT_NAME = "$(TARGET_NAME)";
				WRAPPER_EXTENSION = octest;
			};
			name = Debug;
		};
		10B577F116939D83001C97CD /* Release */ = {
			isa = XCBuildConfiguration;
			buildSettings = {
				FRAMEWORK_SEARCH_PATHS = (
					"\"$(SDKROOT)/Developer/Library/Frameworks\"",
					"\"$(DEVELOPER_LIBRARY_DIR)/Frameworks\"",
				);
				GCC_PRECOMPILE_PREFIX_HEADER = YES;
				GCC_PREFIX_HEADER = "SSLocationManager/SSLocationManager-Prefix.pch";
				INFOPLIST_FILE = "SSLocationManager/SSLocationManager-Info.plist";
				PRODUCT_NAME = "$(TARGET_NAME)";
				WRAPPER_EXTENSION = octest;
			};
			name = Release;
		};
		10B5780616939D95001C97CD /* Debug */ = {
			isa = XCBuildConfiguration;
			buildSettings = {
				FRAMEWORK_SEARCH_PATHS = (
					"\"$(SDKROOT)/Developer/Library/Frameworks\"",
					"\"$(DEVELOPER_LIBRARY_DIR)/Frameworks\"",
				);
				GCC_PRECOMPILE_PREFIX_HEADER = YES;
				GCC_PREFIX_HEADER = "SSPreferenceManager/SSPreferenceManager-Prefix.pch";
				INFOPLIST_FILE = "SSPreferenceManager/SSPreferenceManager-Info.plist";
				PRODUCT_NAME = "$(TARGET_NAME)";
				WRAPPER_EXTENSION = octest;
			};
			name = Debug;
		};
		10B5780716939D95001C97CD /* Release */ = {
			isa = XCBuildConfiguration;
			buildSettings = {
				FRAMEWORK_SEARCH_PATHS = (
					"\"$(SDKROOT)/Developer/Library/Frameworks\"",
					"\"$(DEVELOPER_LIBRARY_DIR)/Frameworks\"",
				);
				GCC_PRECOMPILE_PREFIX_HEADER = YES;
				GCC_PREFIX_HEADER = "SSPreferenceManager/SSPreferenceManager-Prefix.pch";
				INFOPLIST_FILE = "SSPreferenceManager/SSPreferenceManager-Info.plist";
				PRODUCT_NAME = "$(TARGET_NAME)";
				WRAPPER_EXTENSION = octest;
			};
			name = Release;
		};
		10B5781C16939DA8001C97CD /* Debug */ = {
			isa = XCBuildConfiguration;
			buildSettings = {
				FRAMEWORK_SEARCH_PATHS = (
					"\"$(SDKROOT)/Developer/Library/Frameworks\"",
					"\"$(DEVELOPER_LIBRARY_DIR)/Frameworks\"",
				);
				GCC_PRECOMPILE_PREFIX_HEADER = YES;
				GCC_PREFIX_HEADER = "SSMotionManager/SSMotionManager-Prefix.pch";
				INFOPLIST_FILE = "SSMotionManager/SSMotionManager-Info.plist";
				PRODUCT_NAME = "$(TARGET_NAME)";
				WRAPPER_EXTENSION = octest;
			};
			name = Debug;
		};
		10B5781D16939DA8001C97CD /* Release */ = {
			isa = XCBuildConfiguration;
			buildSettings = {
				FRAMEWORK_SEARCH_PATHS = (
					"\"$(SDKROOT)/Developer/Library/Frameworks\"",
					"\"$(DEVELOPER_LIBRARY_DIR)/Frameworks\"",
				);
				GCC_PRECOMPILE_PREFIX_HEADER = YES;
				GCC_PREFIX_HEADER = "SSMotionManager/SSMotionManager-Prefix.pch";
				INFOPLIST_FILE = "SSMotionManager/SSMotionManager-Info.plist";
				PRODUCT_NAME = "$(TARGET_NAME)";
				WRAPPER_EXTENSION = octest;
			};
			name = Release;
		};
		10B5783216939DB6001C97CD /* Debug */ = {
			isa = XCBuildConfiguration;
			buildSettings = {
				FRAMEWORK_SEARCH_PATHS = (
					"\"$(SDKROOT)/Developer/Library/Frameworks\"",
					"\"$(DEVELOPER_LIBRARY_DIR)/Frameworks\"",
				);
				GCC_PRECOMPILE_PREFIX_HEADER = YES;
				GCC_PREFIX_HEADER = "SSAudioManager/SSAudioManager-Prefix.pch";
				INFOPLIST_FILE = "SSAudioManager/SSAudioManager-Info.plist";
				PRODUCT_NAME = "$(TARGET_NAME)";
				WRAPPER_EXTENSION = octest;
			};
			name = Debug;
		};
		10B5783316939DB6001C97CD /* Release */ = {
			isa = XCBuildConfiguration;
			buildSettings = {
				FRAMEWORK_SEARCH_PATHS = (
					"\"$(SDKROOT)/Developer/Library/Frameworks\"",
					"\"$(DEVELOPER_LIBRARY_DIR)/Frameworks\"",
				);
				GCC_PRECOMPILE_PREFIX_HEADER = YES;
				GCC_PREFIX_HEADER = "SSAudioManager/SSAudioManager-Prefix.pch";
				INFOPLIST_FILE = "SSAudioManager/SSAudioManager-Info.plist";
				PRODUCT_NAME = "$(TARGET_NAME)";
				WRAPPER_EXTENSION = octest;
			};
			name = Release;
		};
		10B5784816939DCA001C97CD /* Debug */ = {
			isa = XCBuildConfiguration;
			buildSettings = {
				FRAMEWORK_SEARCH_PATHS = (
					"\"$(SDKROOT)/Developer/Library/Frameworks\"",
					"\"$(DEVELOPER_LIBRARY_DIR)/Frameworks\"",
				);
				GCC_PRECOMPILE_PREFIX_HEADER = YES;
				GCC_PREFIX_HEADER = "SSFacebookAuth/SSFacebookAuth-Prefix.pch";
				INFOPLIST_FILE = "SSFacebookAuth/SSFacebookAuth-Info.plist";
				PRODUCT_NAME = "$(TARGET_NAME)";
				WRAPPER_EXTENSION = octest;
			};
			name = Debug;
		};
		10B5784916939DCA001C97CD /* Release */ = {
			isa = XCBuildConfiguration;
			buildSettings = {
				FRAMEWORK_SEARCH_PATHS = (
					"\"$(SDKROOT)/Developer/Library/Frameworks\"",
					"\"$(DEVELOPER_LIBRARY_DIR)/Frameworks\"",
				);
				GCC_PRECOMPILE_PREFIX_HEADER = YES;
				GCC_PREFIX_HEADER = "SSFacebookAuth/SSFacebookAuth-Prefix.pch";
				INFOPLIST_FILE = "SSFacebookAuth/SSFacebookAuth-Info.plist";
				PRODUCT_NAME = "$(TARGET_NAME)";
				WRAPPER_EXTENSION = octest;
			};
			name = Release;
		};
		10B5785E16939DD7001C97CD /* Debug */ = {
			isa = XCBuildConfiguration;
			buildSettings = {
				FRAMEWORK_SEARCH_PATHS = (
					"\"$(SDKROOT)/Developer/Library/Frameworks\"",
					"\"$(DEVELOPER_LIBRARY_DIR)/Frameworks\"",
				);
				GCC_PRECOMPILE_PREFIX_HEADER = YES;
				GCC_PREFIX_HEADER = "SSNativeBridge/SSNativeBridge-Prefix.pch";
				INFOPLIST_FILE = "SSNativeBridge/SSNativeBridge-Info.plist";
				PRODUCT_NAME = "$(TARGET_NAME)";
				WRAPPER_EXTENSION = octest;
			};
			name = Debug;
		};
		10B5785F16939DD7001C97CD /* Release */ = {
			isa = XCBuildConfiguration;
			buildSettings = {
				FRAMEWORK_SEARCH_PATHS = (
					"\"$(SDKROOT)/Developer/Library/Frameworks\"",
					"\"$(DEVELOPER_LIBRARY_DIR)/Frameworks\"",
				);
				GCC_PRECOMPILE_PREFIX_HEADER = YES;
				GCC_PREFIX_HEADER = "SSNativeBridge/SSNativeBridge-Prefix.pch";
				INFOPLIST_FILE = "SSNativeBridge/SSNativeBridge-Info.plist";
				PRODUCT_NAME = "$(TARGET_NAME)";
				WRAPPER_EXTENSION = octest;
			};
			name = Release;
		};
		10EE34111667376400D95BAC /* Debug */ = {
			isa = XCBuildConfiguration;
			buildSettings = {
				ALWAYS_SEARCH_USER_PATHS = NO;
				CLANG_CXX_LANGUAGE_STANDARD = "gnu++0x";
				CLANG_CXX_LIBRARY = "libc++";
				CLANG_ENABLE_OBJC_ARC = YES;
				CLANG_WARN_EMPTY_BODY = YES;
				CLANG_WARN__DUPLICATE_METHOD_MATCH = YES;
				"CODE_SIGN_IDENTITY[sdk=iphoneos*]" = "iPhone Developer";
				COPY_PHASE_STRIP = NO;
				GCC_C_LANGUAGE_STANDARD = gnu99;
				GCC_DYNAMIC_NO_PIC = NO;
				GCC_OPTIMIZATION_LEVEL = 0;
				GCC_PREPROCESSOR_DEFINITIONS = (
					"DEBUG=1",
					"$(inherited)",
				);
				GCC_SYMBOLS_PRIVATE_EXTERN = NO;
				GCC_WARN_ABOUT_RETURN_TYPE = YES;
				GCC_WARN_UNINITIALIZED_AUTOS = YES;
				GCC_WARN_UNUSED_VARIABLE = YES;
				IPHONEOS_DEPLOYMENT_TARGET = 6.0;
				ONLY_ACTIVE_ARCH = YES;
				SDKROOT = iphoneos;
			};
			name = Debug;
		};
		10EE34121667376400D95BAC /* Release */ = {
			isa = XCBuildConfiguration;
			buildSettings = {
				ALWAYS_SEARCH_USER_PATHS = NO;
				CLANG_CXX_LANGUAGE_STANDARD = "gnu++0x";
				CLANG_CXX_LIBRARY = "libc++";
				CLANG_ENABLE_OBJC_ARC = YES;
				CLANG_WARN_EMPTY_BODY = YES;
				CLANG_WARN__DUPLICATE_METHOD_MATCH = YES;
				"CODE_SIGN_IDENTITY[sdk=iphoneos*]" = "iPhone Developer";
				COPY_PHASE_STRIP = YES;
				GCC_C_LANGUAGE_STANDARD = gnu99;
				GCC_WARN_ABOUT_RETURN_TYPE = YES;
				GCC_WARN_UNINITIALIZED_AUTOS = YES;
				GCC_WARN_UNUSED_VARIABLE = YES;
				IPHONEOS_DEPLOYMENT_TARGET = 6.0;
				OTHER_CFLAGS = "-DNS_BLOCK_ASSERTIONS=1";
				SDKROOT = iphoneos;
				VALIDATE_PRODUCT = YES;
			};
			name = Release;
		};
		10EE34141667376400D95BAC /* Debug */ = {
			isa = XCBuildConfiguration;
			buildSettings = {
				FRAMEWORK_SEARCH_PATHS = (
					"$(inherited)",
					"\"$(SRCROOT)/MyProjTests\"",
				);
				GCC_PRECOMPILE_PREFIX_HEADER = YES;
				GCC_PREFIX_HEADER = "Spartan Missile Strike/Spartan Missile Strike-Prefix.pch";
				INFOPLIST_FILE = "Spartan Missile Strike/Spartan Missile Strike-Info.plist";
				PRODUCT_NAME = "$(TARGET_NAME)";
				WRAPPER_EXTENSION = app;
			};
			name = Debug;
		};
		10EE34151667376400D95BAC /* Release */ = {
			isa = XCBuildConfiguration;
			buildSettings = {
				FRAMEWORK_SEARCH_PATHS = (
					"$(inherited)",
					"\"$(SRCROOT)/MyProjTests\"",
				);
				GCC_PRECOMPILE_PREFIX_HEADER = YES;
				GCC_PREFIX_HEADER = "Spartan Missile Strike/Spartan Missile Strike-Prefix.pch";
				INFOPLIST_FILE = "Spartan Missile Strike/Spartan Missile Strike-Info.plist";
				PRODUCT_NAME = "$(TARGET_NAME)";
				WRAPPER_EXTENSION = app;
			};
			name = Release;
		};
/* End XCBuildConfiguration section */

/* Begin XCConfigurationList section */
		106A10C0168F82AA0059E189 /* Build configuration list for PBXNativeTarget "SSUnitTests" */ = {
			isa = XCConfigurationList;
			buildConfigurations = (
				106A10C1168F82AA0059E189 /* Debug */,
				106A10C2168F82AA0059E189 /* Release */,
			);
			defaultConfigurationIsVisible = 0;
			defaultConfigurationName = Release;
		};
		10B577C416939D4D001C97CD /* Build configuration list for PBXNativeTarget "SSSpashScreen" */ = {
			isa = XCConfigurationList;
			buildConfigurations = (
				10B577C216939D4D001C97CD /* Debug */,
				10B577C316939D4D001C97CD /* Release */,
			);
			defaultConfigurationIsVisible = 0;
			defaultConfigurationName = Release;
		};
		10B577D916939D70001C97CD /* Build configuration list for PBXNativeTarget "SSFiring" */ = {
			isa = XCConfigurationList;
			buildConfigurations = (
				10B577DA16939D70001C97CD /* Debug */,
				10B577DB16939D70001C97CD /* Release */,
			);
			defaultConfigurationIsVisible = 0;
			defaultConfigurationName = Release;
		};
		10B577EF16939D83001C97CD /* Build configuration list for PBXNativeTarget "SSLocationManager" */ = {
			isa = XCConfigurationList;
			buildConfigurations = (
				10B577F016939D83001C97CD /* Debug */,
				10B577F116939D83001C97CD /* Release */,
			);
			defaultConfigurationIsVisible = 0;
			defaultConfigurationName = Release;
		};
		10B5780516939D95001C97CD /* Build configuration list for PBXNativeTarget "SSPreferenceManager" */ = {
			isa = XCConfigurationList;
			buildConfigurations = (
				10B5780616939D95001C97CD /* Debug */,
				10B5780716939D95001C97CD /* Release */,
			);
			defaultConfigurationIsVisible = 0;
			defaultConfigurationName = Release;
		};
		10B5781B16939DA8001C97CD /* Build configuration list for PBXNativeTarget "SSMotionManager" */ = {
			isa = XCConfigurationList;
			buildConfigurations = (
				10B5781C16939DA8001C97CD /* Debug */,
				10B5781D16939DA8001C97CD /* Release */,
			);
			defaultConfigurationIsVisible = 0;
			defaultConfigurationName = Release;
		};
		10B5783116939DB6001C97CD /* Build configuration list for PBXNativeTarget "SSAudioManager" */ = {
			isa = XCConfigurationList;
			buildConfigurations = (
				10B5783216939DB6001C97CD /* Debug */,
				10B5783316939DB6001C97CD /* Release */,
			);
			defaultConfigurationIsVisible = 0;
			defaultConfigurationName = Release;
		};
		10B5784716939DCA001C97CD /* Build configuration list for PBXNativeTarget "SSFacebookAuth" */ = {
			isa = XCConfigurationList;
			buildConfigurations = (
				10B5784816939DCA001C97CD /* Debug */,
				10B5784916939DCA001C97CD /* Release */,
			);
			defaultConfigurationIsVisible = 0;
			defaultConfigurationName = Release;
		};
		10B5785D16939DD7001C97CD /* Build configuration list for PBXNativeTarget "SSNativeBridge" */ = {
			isa = XCConfigurationList;
			buildConfigurations = (
				10B5785E16939DD7001C97CD /* Debug */,
				10B5785F16939DD7001C97CD /* Release */,
			);
			defaultConfigurationIsVisible = 0;
			defaultConfigurationName = Release;
		};
		10EE33DA1667376400D95BAC /* Build configuration list for PBXProject "Spartan Missile Strike" */ = {
			isa = XCConfigurationList;
			buildConfigurations = (
				10EE34111667376400D95BAC /* Debug */,
				10EE34121667376400D95BAC /* Release */,
			);
			defaultConfigurationIsVisible = 0;
			defaultConfigurationName = Release;
		};
		10EE34131667376400D95BAC /* Build configuration list for PBXNativeTarget "Spartan Missile Strike" */ = {
			isa = XCConfigurationList;
			buildConfigurations = (
				10EE34141667376400D95BAC /* Debug */,
				10EE34151667376400D95BAC /* Release */,
			);
			defaultConfigurationIsVisible = 0;
			defaultConfigurationName = Release;
		};
/* End XCConfigurationList section */
	};
	rootObject = 10EE33D71667376400D95BAC /* Project object */;
}
