// !$*UTF8*$!
{
	archiveVersion = 1;
	classes = {
	};
	objectVersion = 46;
	objects = {

/* Begin PBXBuildFile section */
		1025364D16E6A97A00BD6ACF /* SSFiringViewController.m in Sources */ = {isa = PBXBuildFile; fileRef = 1025364C16E6A97A00BD6ACF /* SSFiringViewController.m */; };
		1025365016E6A9C400BD6ACF /* SSFiringManager.m in Sources */ = {isa = PBXBuildFile; fileRef = 1025364F16E6A9C400BD6ACF /* SSFiringManager.m */; };
		1025366416E6B1C000BD6ACF /* MediaPlayer.framework in Frameworks */ = {isa = PBXBuildFile; fileRef = 1025366316E6B1C000BD6ACF /* MediaPlayer.framework */; };
		1025366616E6B1C600BD6ACF /* CoreMedia.framework in Frameworks */ = {isa = PBXBuildFile; fileRef = 1025366516E6B1C600BD6ACF /* CoreMedia.framework */; };
		1025366816E6B1CD00BD6ACF /* CoreVideo.framework in Frameworks */ = {isa = PBXBuildFile; fileRef = 1025366716E6B1CD00BD6ACF /* CoreVideo.framework */; };
		1025366A16E6B1D200BD6ACF /* MobileCoreServices.framework in Frameworks */ = {isa = PBXBuildFile; fileRef = 1025366916E6B1D200BD6ACF /* MobileCoreServices.framework */; };
		1025366C16E6B1D800BD6ACF /* AssetsLibrary.framework in Frameworks */ = {isa = PBXBuildFile; fileRef = 1025366B16E6B1D800BD6ACF /* AssetsLibrary.framework */; };
		1025366E16E6B1E000BD6ACF /* ImageIO.framework in Frameworks */ = {isa = PBXBuildFile; fileRef = 1025366D16E6B1E000BD6ACF /* ImageIO.framework */; };
		103DE30416964DF300ED92B4 /* SSAudioManagerTests.m in Sources */ = {isa = PBXBuildFile; fileRef = 103DE30316964DF300ED92B4 /* SSAudioManagerTests.m */; };
		103DE30816964EC300ED92B4 /* SSAudioManager.m in Sources */ = {isa = PBXBuildFile; fileRef = 103DE30716964EC300ED92B4 /* SSAudioManager.m */; };
		10594FEA16A6426900E41072 /* sounds.plist in Resources */ = {isa = PBXBuildFile; fileRef = 10594FE916A6426900E41072 /* sounds.plist */; };
		106E551016E2845C00E68F43 /* html in Resources */ = {isa = PBXBuildFile; fileRef = 106E550F16E2845C00E68F43 /* html */; };
		1080A10316ADBDFF00C836E3 /* AVFoundation.framework in Frameworks */ = {isa = PBXBuildFile; fileRef = 109E520E169A02B0002425B5 /* AVFoundation.framework */; };
		1080A10616ADCC2700C836E3 /* libOCMock.a in Frameworks */ = {isa = PBXBuildFile; fileRef = 1080A10516ADCC2700C836E3 /* libOCMock.a */; };
		108FC6A4169641C8001BABBE /* UIKit.framework in Frameworks */ = {isa = PBXBuildFile; fileRef = 108FC6A3169641C8001BABBE /* UIKit.framework */; };
		108FC6A6169641C8001BABBE /* Foundation.framework in Frameworks */ = {isa = PBXBuildFile; fileRef = 108FC6A5169641C8001BABBE /* Foundation.framework */; };
		108FC6A8169641C8001BABBE /* CoreGraphics.framework in Frameworks */ = {isa = PBXBuildFile; fileRef = 108FC6A7169641C8001BABBE /* CoreGraphics.framework */; };
		108FC6AE169641C8001BABBE /* InfoPlist.strings in Resources */ = {isa = PBXBuildFile; fileRef = 108FC6AC169641C8001BABBE /* InfoPlist.strings */; };
		108FC6B0169641C8001BABBE /* main.m in Sources */ = {isa = PBXBuildFile; fileRef = 108FC6AF169641C8001BABBE /* main.m */; };
		108FC6B4169641C8001BABBE /* SSAppDelegate.m in Sources */ = {isa = PBXBuildFile; fileRef = 108FC6B3169641C8001BABBE /* SSAppDelegate.m */; };
		108FC6C2169641C8001BABBE /* SenTestingKit.framework in Frameworks */ = {isa = PBXBuildFile; fileRef = 108FC6C1169641C8001BABBE /* SenTestingKit.framework */; };
		108FC6C3169641C8001BABBE /* UIKit.framework in Frameworks */ = {isa = PBXBuildFile; fileRef = 108FC6A3169641C8001BABBE /* UIKit.framework */; };
		108FC6C4169641C8001BABBE /* Foundation.framework in Frameworks */ = {isa = PBXBuildFile; fileRef = 108FC6A5169641C8001BABBE /* Foundation.framework */; };
		108FC6CC169641C8001BABBE /* InfoPlist.strings in Resources */ = {isa = PBXBuildFile; fileRef = 108FC6CA169641C8001BABBE /* InfoPlist.strings */; };
		108FC6CF169641C8001BABBE /* SpartanMissileStrikeTests.m in Sources */ = {isa = PBXBuildFile; fileRef = 108FC6CE169641C8001BABBE /* SpartanMissileStrikeTests.m */; };
		1092785216A091E3007FEF8B /* SSNativeBridgeTests.m in Sources */ = {isa = PBXBuildFile; fileRef = 1092785116A091E3007FEF8B /* SSNativeBridgeTests.m */; };
		109E51F21699FE3F002425B5 /* SSNativeBridge.m in Sources */ = {isa = PBXBuildFile; fileRef = 109E51F11699FE3F002425B5 /* SSNativeBridge.m */; };
		109E520F169A02B0002425B5 /* AVFoundation.framework in Frameworks */ = {isa = PBXBuildFile; fileRef = 109E520E169A02B0002425B5 /* AVFoundation.framework */; };
		109E5211169A02C1002425B5 /* CoreLocation.framework in Frameworks */ = {isa = PBXBuildFile; fileRef = 109E5210169A02C1002425B5 /* CoreLocation.framework */; };
		109E5213169A02D1002425B5 /* CoreMotion.framework in Frameworks */ = {isa = PBXBuildFile; fileRef = 109E5212169A02D1002425B5 /* CoreMotion.framework */; };
		109E5215169A0325002425B5 /* AudioToolbox.framework in Frameworks */ = {isa = PBXBuildFile; fileRef = 109E5214169A0325002425B5 /* AudioToolbox.framework */; };
		10A44A0C169DF05D0043FE99 /* SSPreferenceManager.m in Sources */ = {isa = PBXBuildFile; fileRef = 10A44A0B169DF05D0043FE99 /* SSPreferenceManager.m */; };
		10BE4EA416DC41D8009FD27A /* Accounts.framework in Frameworks */ = {isa = PBXBuildFile; fileRef = 10BE4EA216DC41D8009FD27A /* Accounts.framework */; settings = {ATTRIBUTES = (Weak, ); }; };
		10BE4EA516DC41D8009FD27A /* AdSupport.framework in Frameworks */ = {isa = PBXBuildFile; fileRef = 10BE4EA316DC41D8009FD27A /* AdSupport.framework */; settings = {ATTRIBUTES = (Weak, ); }; };
		10BE4EA716DC41EB009FD27A /* Social.framework in Frameworks */ = {isa = PBXBuildFile; fileRef = 10BE4EA616DC41EB009FD27A /* Social.framework */; settings = {ATTRIBUTES = (Weak, ); }; };
		10C2C83116DD7CD600D816AB /* FacebookSDK.framework in Frameworks */ = {isa = PBXBuildFile; fileRef = 10C2C83016DD7CD600D816AB /* FacebookSDK.framework */; };
		10D01EE4169643D400F319F0 /* SSPreferenceManagerTests.m in Sources */ = {isa = PBXBuildFile; fileRef = 10D01EE3169643D400F319F0 /* SSPreferenceManagerTests.m */; };
		10EA5A2216DD86360083C68C /* SSFacebookAuthViewController.m in Sources */ = {isa = PBXBuildFile; fileRef = 10EA5A2116DD86360083C68C /* SSFacebookAuthViewController.m */; };
		10F35DA5169E173500A42045 /* SSMainViewController.m in Sources */ = {isa = PBXBuildFile; fileRef = 10F35DA3169E173500A42045 /* SSMainViewController.m */; };
		10F35DA6169E173500A42045 /* SSMainViewController.xib in Resources */ = {isa = PBXBuildFile; fileRef = 10F35DA4169E173500A42045 /* SSMainViewController.xib */; };
		10F35DA8169E17F500A42045 /* SpartanMissileStrike.xib in Resources */ = {isa = PBXBuildFile; fileRef = 10F35DA7169E17F500A42045 /* SpartanMissileStrike.xib */; };
		10F35DB2169F4A2900A42045 /* QuartzCore.framework in Frameworks */ = {isa = PBXBuildFile; fileRef = 10F35DB1169F4A2900A42045 /* QuartzCore.framework */; };
		10F35DB4169F4A3100A42045 /* OpenGLES.framework in Frameworks */ = {isa = PBXBuildFile; fileRef = 10F35DB3169F4A3100A42045 /* OpenGLES.framework */; };
		10FFCF8E16E94B470020E705 /* SSOverlay.m in Sources */ = {isa = PBXBuildFile; fileRef = 10FFCF8D16E94B470020E705 /* SSOverlay.m */; };
		284680D016EBC57100CA188B /* audio in Resources */ = {isa = PBXBuildFile; fileRef = 284680CF16EBC57100CA188B /* audio */; };
		284680D716EBCB5600CA188B /* Default-568h@2x.png in Resources */ = {isa = PBXBuildFile; fileRef = 284680D416EBCB5600CA188B /* Default-568h@2x.png */; };
		284680D816EBCB5600CA188B /* Default.png in Resources */ = {isa = PBXBuildFile; fileRef = 284680D516EBCB5600CA188B /* Default.png */; };
		284680D916EBCB5600CA188B /* Default@2x.png in Resources */ = {isa = PBXBuildFile; fileRef = 284680D616EBCB5600CA188B /* Default@2x.png */; };
		284680DC16EBCBB000CA188B /* spartan_appIcon_57.png in Resources */ = {isa = PBXBuildFile; fileRef = 284680DA16EBCBB000CA188B /* spartan_appIcon_57.png */; };
		284680DD16EBCBB000CA188B /* spartan_appIcon_114.png in Resources */ = {isa = PBXBuildFile; fileRef = 284680DB16EBCBB000CA188B /* spartan_appIcon_114.png */; };
		55383E6716E7ADE70037169B /* artilleryreticle3.png in Resources */ = {isa = PBXBuildFile; fileRef = 55383E6616E7ADE70037169B /* artilleryreticle3.png */; };
/* End PBXBuildFile section */

/* Begin PBXContainerItemProxy section */
		108FC6C5169641C8001BABBE /* PBXContainerItemProxy */ = {
			isa = PBXContainerItemProxy;
			containerPortal = 108FC696169641C8001BABBE /* Project object */;
			proxyType = 1;
			remoteGlobalIDString = 108FC69E169641C8001BABBE;
			remoteInfo = SpartanMissileStrike;
		};
/* End PBXContainerItemProxy section */

/* Begin PBXFileReference section */
		1025364B16E6A97A00BD6ACF /* SSFiringViewController.h */ = {isa = PBXFileReference; fileEncoding = 4; lastKnownFileType = sourcecode.c.h; path = SSFiringViewController.h; sourceTree = "<group>"; };
		1025364C16E6A97A00BD6ACF /* SSFiringViewController.m */ = {isa = PBXFileReference; fileEncoding = 4; lastKnownFileType = sourcecode.c.objc; path = SSFiringViewController.m; sourceTree = "<group>"; };
		1025364E16E6A9C300BD6ACF /* SSFiringManager.h */ = {isa = PBXFileReference; fileEncoding = 4; lastKnownFileType = sourcecode.c.h; path = SSFiringManager.h; sourceTree = "<group>"; };
		1025364F16E6A9C400BD6ACF /* SSFiringManager.m */ = {isa = PBXFileReference; fileEncoding = 4; lastKnownFileType = sourcecode.c.objc; path = SSFiringManager.m; sourceTree = "<group>"; };
		1025366316E6B1C000BD6ACF /* MediaPlayer.framework */ = {isa = PBXFileReference; lastKnownFileType = wrapper.framework; name = MediaPlayer.framework; path = System/Library/Frameworks/MediaPlayer.framework; sourceTree = SDKROOT; };
		1025366516E6B1C600BD6ACF /* CoreMedia.framework */ = {isa = PBXFileReference; lastKnownFileType = wrapper.framework; name = CoreMedia.framework; path = System/Library/Frameworks/CoreMedia.framework; sourceTree = SDKROOT; };
		1025366716E6B1CD00BD6ACF /* CoreVideo.framework */ = {isa = PBXFileReference; lastKnownFileType = wrapper.framework; name = CoreVideo.framework; path = System/Library/Frameworks/CoreVideo.framework; sourceTree = SDKROOT; };
		1025366916E6B1D200BD6ACF /* MobileCoreServices.framework */ = {isa = PBXFileReference; lastKnownFileType = wrapper.framework; name = MobileCoreServices.framework; path = System/Library/Frameworks/MobileCoreServices.framework; sourceTree = SDKROOT; };
		1025366B16E6B1D800BD6ACF /* AssetsLibrary.framework */ = {isa = PBXFileReference; lastKnownFileType = wrapper.framework; name = AssetsLibrary.framework; path = System/Library/Frameworks/AssetsLibrary.framework; sourceTree = SDKROOT; };
		1025366D16E6B1E000BD6ACF /* ImageIO.framework */ = {isa = PBXFileReference; lastKnownFileType = wrapper.framework; name = ImageIO.framework; path = System/Library/Frameworks/ImageIO.framework; sourceTree = SDKROOT; };
		103DE30216964DF300ED92B4 /* SSAudioManagerTests.h */ = {isa = PBXFileReference; fileEncoding = 4; lastKnownFileType = sourcecode.c.h; path = SSAudioManagerTests.h; sourceTree = "<group>"; };
		103DE30316964DF300ED92B4 /* SSAudioManagerTests.m */ = {isa = PBXFileReference; fileEncoding = 4; lastKnownFileType = sourcecode.c.objc; path = SSAudioManagerTests.m; sourceTree = "<group>"; };
		103DE30616964EC300ED92B4 /* SSAudioManager.h */ = {isa = PBXFileReference; fileEncoding = 4; lastKnownFileType = sourcecode.c.h; path = SSAudioManager.h; sourceTree = "<group>"; };
		103DE30716964EC300ED92B4 /* SSAudioManager.m */ = {isa = PBXFileReference; fileEncoding = 4; lastKnownFileType = sourcecode.c.objc; path = SSAudioManager.m; sourceTree = "<group>"; };
		10594FE916A6426900E41072 /* sounds.plist */ = {isa = PBXFileReference; fileEncoding = 4; lastKnownFileType = text.plist.xml; path = sounds.plist; sourceTree = "<group>"; };
		106E550F16E2845C00E68F43 /* html */ = {isa = PBXFileReference; lastKnownFileType = folder; name = html; path = ../../html; sourceTree = "<group>"; };
		1080A10516ADCC2700C836E3 /* libOCMock.a */ = {isa = PBXFileReference; lastKnownFileType = archive.ar; name = libOCMock.a; path = ../usr/lib/libOCMock.a; sourceTree = "<group>"; };
		108FC69F169641C8001BABBE /* SpartanMissileStrike.app */ = {isa = PBXFileReference; explicitFileType = wrapper.application; includeInIndex = 0; path = SpartanMissileStrike.app; sourceTree = BUILT_PRODUCTS_DIR; };
		108FC6A3169641C8001BABBE /* UIKit.framework */ = {isa = PBXFileReference; lastKnownFileType = wrapper.framework; name = UIKit.framework; path = System/Library/Frameworks/UIKit.framework; sourceTree = SDKROOT; };
		108FC6A5169641C8001BABBE /* Foundation.framework */ = {isa = PBXFileReference; lastKnownFileType = wrapper.framework; name = Foundation.framework; path = System/Library/Frameworks/Foundation.framework; sourceTree = SDKROOT; };
		108FC6A7169641C8001BABBE /* CoreGraphics.framework */ = {isa = PBXFileReference; lastKnownFileType = wrapper.framework; name = CoreGraphics.framework; path = System/Library/Frameworks/CoreGraphics.framework; sourceTree = SDKROOT; };
		108FC6AB169641C8001BABBE /* SpartanMissileStrike-Info.plist */ = {isa = PBXFileReference; lastKnownFileType = text.plist.xml; path = "SpartanMissileStrike-Info.plist"; sourceTree = "<group>"; };
		108FC6AD169641C8001BABBE /* en */ = {isa = PBXFileReference; lastKnownFileType = text.plist.strings; name = en; path = en.lproj/InfoPlist.strings; sourceTree = "<group>"; };
		108FC6AF169641C8001BABBE /* main.m */ = {isa = PBXFileReference; lastKnownFileType = sourcecode.c.objc; path = main.m; sourceTree = "<group>"; };
		108FC6B1169641C8001BABBE /* SpartanMissileStrike-Prefix.pch */ = {isa = PBXFileReference; lastKnownFileType = sourcecode.c.h; path = "SpartanMissileStrike-Prefix.pch"; sourceTree = "<group>"; };
		108FC6B2169641C8001BABBE /* SSAppDelegate.h */ = {isa = PBXFileReference; lastKnownFileType = sourcecode.c.h; path = SSAppDelegate.h; sourceTree = "<group>"; };
		108FC6B3169641C8001BABBE /* SSAppDelegate.m */ = {isa = PBXFileReference; lastKnownFileType = sourcecode.c.objc; path = SSAppDelegate.m; sourceTree = "<group>"; };
		108FC6C0169641C8001BABBE /* SpartanMissileStrikeTests.octest */ = {isa = PBXFileReference; explicitFileType = wrapper.cfbundle; includeInIndex = 0; path = SpartanMissileStrikeTests.octest; sourceTree = BUILT_PRODUCTS_DIR; };
		108FC6C1169641C8001BABBE /* SenTestingKit.framework */ = {isa = PBXFileReference; lastKnownFileType = wrapper.framework; name = SenTestingKit.framework; path = Library/Frameworks/SenTestingKit.framework; sourceTree = DEVELOPER_DIR; };
		108FC6C9169641C8001BABBE /* SpartanMissileStrikeTests-Info.plist */ = {isa = PBXFileReference; lastKnownFileType = text.plist.xml; path = "SpartanMissileStrikeTests-Info.plist"; sourceTree = "<group>"; };
		108FC6CB169641C8001BABBE /* en */ = {isa = PBXFileReference; lastKnownFileType = text.plist.strings; name = en; path = en.lproj/InfoPlist.strings; sourceTree = "<group>"; };
		108FC6CD169641C8001BABBE /* SpartanMissileStrikeTests.h */ = {isa = PBXFileReference; lastKnownFileType = sourcecode.c.h; path = SpartanMissileStrikeTests.h; sourceTree = "<group>"; };
		108FC6CE169641C8001BABBE /* SpartanMissileStrikeTests.m */ = {isa = PBXFileReference; lastKnownFileType = sourcecode.c.objc; path = SpartanMissileStrikeTests.m; sourceTree = "<group>"; };
		1092785016A091E3007FEF8B /* SSNativeBridgeTests.h */ = {isa = PBXFileReference; fileEncoding = 4; lastKnownFileType = sourcecode.c.h; path = SSNativeBridgeTests.h; sourceTree = "<group>"; };
		1092785116A091E3007FEF8B /* SSNativeBridgeTests.m */ = {isa = PBXFileReference; fileEncoding = 4; lastKnownFileType = sourcecode.c.objc; path = SSNativeBridgeTests.m; sourceTree = "<group>"; };
		109E51F01699FE3F002425B5 /* SSNativeBridge.h */ = {isa = PBXFileReference; fileEncoding = 4; lastKnownFileType = sourcecode.c.h; path = SSNativeBridge.h; sourceTree = "<group>"; };
		109E51F11699FE3F002425B5 /* SSNativeBridge.m */ = {isa = PBXFileReference; fileEncoding = 4; lastKnownFileType = sourcecode.c.objc; path = SSNativeBridge.m; sourceTree = "<group>"; };
		109E520E169A02B0002425B5 /* AVFoundation.framework */ = {isa = PBXFileReference; lastKnownFileType = wrapper.framework; name = AVFoundation.framework; path = System/Library/Frameworks/AVFoundation.framework; sourceTree = SDKROOT; };
		109E5210169A02C1002425B5 /* CoreLocation.framework */ = {isa = PBXFileReference; lastKnownFileType = wrapper.framework; name = CoreLocation.framework; path = System/Library/Frameworks/CoreLocation.framework; sourceTree = SDKROOT; };
		109E5212169A02D1002425B5 /* CoreMotion.framework */ = {isa = PBXFileReference; lastKnownFileType = wrapper.framework; name = CoreMotion.framework; path = System/Library/Frameworks/CoreMotion.framework; sourceTree = SDKROOT; };
		109E5214169A0325002425B5 /* AudioToolbox.framework */ = {isa = PBXFileReference; lastKnownFileType = wrapper.framework; name = AudioToolbox.framework; path = System/Library/Frameworks/AudioToolbox.framework; sourceTree = SDKROOT; };
		10A44A0A169DF05D0043FE99 /* SSPreferenceManager.h */ = {isa = PBXFileReference; fileEncoding = 4; lastKnownFileType = sourcecode.c.h; path = SSPreferenceManager.h; sourceTree = "<group>"; };
		10A44A0B169DF05D0043FE99 /* SSPreferenceManager.m */ = {isa = PBXFileReference; fileEncoding = 4; lastKnownFileType = sourcecode.c.objc; path = SSPreferenceManager.m; sourceTree = "<group>"; };
		10BE4EA216DC41D8009FD27A /* Accounts.framework */ = {isa = PBXFileReference; lastKnownFileType = wrapper.framework; name = Accounts.framework; path = System/Library/Frameworks/Accounts.framework; sourceTree = SDKROOT; };
		10BE4EA316DC41D8009FD27A /* AdSupport.framework */ = {isa = PBXFileReference; lastKnownFileType = wrapper.framework; name = AdSupport.framework; path = System/Library/Frameworks/AdSupport.framework; sourceTree = SDKROOT; };
		10BE4EA616DC41EB009FD27A /* Social.framework */ = {isa = PBXFileReference; lastKnownFileType = wrapper.framework; name = Social.framework; path = System/Library/Frameworks/Social.framework; sourceTree = SDKROOT; };
		10C2C83016DD7CD600D816AB /* FacebookSDK.framework */ = {isa = PBXFileReference; lastKnownFileType = wrapper.framework; name = FacebookSDK.framework; path = FacebookSDK/FacebookSDK.framework; sourceTree = "<group>"; };
		10D01EE2169643D400F319F0 /* SSPreferenceManagerTests.h */ = {isa = PBXFileReference; fileEncoding = 4; lastKnownFileType = sourcecode.c.h; path = SSPreferenceManagerTests.h; sourceTree = "<group>"; };
		10D01EE3169643D400F319F0 /* SSPreferenceManagerTests.m */ = {isa = PBXFileReference; fileEncoding = 4; lastKnownFileType = sourcecode.c.objc; path = SSPreferenceManagerTests.m; sourceTree = "<group>"; };
		10EA5A2016DD86360083C68C /* SSFacebookAuthViewController.h */ = {isa = PBXFileReference; fileEncoding = 4; lastKnownFileType = sourcecode.c.h; path = SSFacebookAuthViewController.h; sourceTree = "<group>"; };
		10EA5A2116DD86360083C68C /* SSFacebookAuthViewController.m */ = {isa = PBXFileReference; fileEncoding = 4; lastKnownFileType = sourcecode.c.objc; path = SSFacebookAuthViewController.m; sourceTree = "<group>"; };
		10F35DA2169E173500A42045 /* SSMainViewController.h */ = {isa = PBXFileReference; fileEncoding = 4; lastKnownFileType = sourcecode.c.h; path = SSMainViewController.h; sourceTree = "<group>"; };
		10F35DA3169E173500A42045 /* SSMainViewController.m */ = {isa = PBXFileReference; fileEncoding = 4; lastKnownFileType = sourcecode.c.objc; path = SSMainViewController.m; sourceTree = "<group>"; };
		10F35DA4169E173500A42045 /* SSMainViewController.xib */ = {isa = PBXFileReference; fileEncoding = 4; lastKnownFileType = file.xib; path = SSMainViewController.xib; sourceTree = "<group>"; };
		10F35DA7169E17F500A42045 /* SpartanMissileStrike.xib */ = {isa = PBXFileReference; fileEncoding = 4; lastKnownFileType = file.xib; path = SpartanMissileStrike.xib; sourceTree = "<group>"; };
		10F35DB1169F4A2900A42045 /* QuartzCore.framework */ = {isa = PBXFileReference; lastKnownFileType = wrapper.framework; name = QuartzCore.framework; path = System/Library/Frameworks/QuartzCore.framework; sourceTree = SDKROOT; };
		10F35DB3169F4A3100A42045 /* OpenGLES.framework */ = {isa = PBXFileReference; lastKnownFileType = wrapper.framework; name = OpenGLES.framework; path = System/Library/Frameworks/OpenGLES.framework; sourceTree = SDKROOT; };
		10FFCF8C16E94B470020E705 /* SSOverlay.h */ = {isa = PBXFileReference; fileEncoding = 4; lastKnownFileType = sourcecode.c.h; path = SSOverlay.h; sourceTree = "<group>"; };
		10FFCF8D16E94B470020E705 /* SSOverlay.m */ = {isa = PBXFileReference; fileEncoding = 4; lastKnownFileType = sourcecode.c.objc; path = SSOverlay.m; sourceTree = "<group>"; };
		284680CF16EBC57100CA188B /* audio */ = {isa = PBXFileReference; lastKnownFileType = file; name = audio; path = ../../shared/audio; sourceTree = "<group>"; };
		284680D416EBCB5600CA188B /* Default-568h@2x.png */ = {isa = PBXFileReference; lastKnownFileType = image.png; path = "Default-568h@2x.png"; sourceTree = "<group>"; };
		284680D516EBCB5600CA188B /* Default.png */ = {isa = PBXFileReference; lastKnownFileType = image.png; path = Default.png; sourceTree = "<group>"; };
		284680D616EBCB5600CA188B /* Default@2x.png */ = {isa = PBXFileReference; lastKnownFileType = image.png; path = "Default@2x.png"; sourceTree = "<group>"; };
		284680DA16EBCBB000CA188B /* spartan_appIcon_57.png */ = {isa = PBXFileReference; lastKnownFileType = image.png; name = spartan_appIcon_57.png; path = SpartanMissileStrike/spartan_appIcon_57.png; sourceTree = "<group>"; };
		284680DB16EBCBB000CA188B /* spartan_appIcon_114.png */ = {isa = PBXFileReference; lastKnownFileType = image.png; name = spartan_appIcon_114.png; path = SpartanMissileStrike/spartan_appIcon_114.png; sourceTree = "<group>"; };
		55383E6616E7ADE70037169B /* artilleryreticle3.png */ = {isa = PBXFileReference; lastKnownFileType = image.png; path = artilleryreticle3.png; sourceTree = "<group>"; };
/* End PBXFileReference section */

/* Begin PBXFrameworksBuildPhase section */
		108FC69C169641C8001BABBE /* Frameworks */ = {
			isa = PBXFrameworksBuildPhase;
			buildActionMask = 2147483647;
			files = (
				1025366C16E6B1D800BD6ACF /* AssetsLibrary.framework in Frameworks */,
				1025366E16E6B1E000BD6ACF /* ImageIO.framework in Frameworks */,
				1025366A16E6B1D200BD6ACF /* MobileCoreServices.framework in Frameworks */,
				1025366816E6B1CD00BD6ACF /* CoreVideo.framework in Frameworks */,
				1025366616E6B1C600BD6ACF /* CoreMedia.framework in Frameworks */,
				1025366416E6B1C000BD6ACF /* MediaPlayer.framework in Frameworks */,
				10C2C83116DD7CD600D816AB /* FacebookSDK.framework in Frameworks */,
				10BE4EA716DC41EB009FD27A /* Social.framework in Frameworks */,
				10BE4EA416DC41D8009FD27A /* Accounts.framework in Frameworks */,
				10BE4EA516DC41D8009FD27A /* AdSupport.framework in Frameworks */,
				108FC6A6169641C8001BABBE /* Foundation.framework in Frameworks */,
				108FC6A4169641C8001BABBE /* UIKit.framework in Frameworks */,
				10F35DB4169F4A3100A42045 /* OpenGLES.framework in Frameworks */,
				10F35DB2169F4A2900A42045 /* QuartzCore.framework in Frameworks */,
				109E520F169A02B0002425B5 /* AVFoundation.framework in Frameworks */,
				109E5215169A0325002425B5 /* AudioToolbox.framework in Frameworks */,
				109E5213169A02D1002425B5 /* CoreMotion.framework in Frameworks */,
				109E5211169A02C1002425B5 /* CoreLocation.framework in Frameworks */,
				108FC6A8169641C8001BABBE /* CoreGraphics.framework in Frameworks */,
			);
			runOnlyForDeploymentPostprocessing = 0;
		};
		108FC6BC169641C8001BABBE /* Frameworks */ = {
			isa = PBXFrameworksBuildPhase;
			buildActionMask = 2147483647;
			files = (
				1080A10616ADCC2700C836E3 /* libOCMock.a in Frameworks */,
				1080A10316ADBDFF00C836E3 /* AVFoundation.framework in Frameworks */,
				108FC6C2169641C8001BABBE /* SenTestingKit.framework in Frameworks */,
				108FC6C3169641C8001BABBE /* UIKit.framework in Frameworks */,
				108FC6C4169641C8001BABBE /* Foundation.framework in Frameworks */,
			);
			runOnlyForDeploymentPostprocessing = 0;
		};
/* End PBXFrameworksBuildPhase section */

/* Begin PBXGroup section */
		108FC694169641C8001BABBE = {
			isa = PBXGroup;
			children = (
				108FC6A9169641C8001BABBE /* SpartanMissileStrike */,
				108FC6C7169641C8001BABBE /* SpartanMissileStrikeTests */,
				108FC6A2169641C8001BABBE /* Frameworks */,
				108FC6A0169641C8001BABBE /* Products */,
			);
			sourceTree = "<group>";
		};
		108FC6A0169641C8001BABBE /* Products */ = {
			isa = PBXGroup;
			children = (
				108FC69F169641C8001BABBE /* SpartanMissileStrike.app */,
				108FC6C0169641C8001BABBE /* SpartanMissileStrikeTests.octest */,
			);
			name = Products;
			sourceTree = "<group>";
		};
		108FC6A2169641C8001BABBE /* Frameworks */ = {
			isa = PBXGroup;
			children = (
				1025366D16E6B1E000BD6ACF /* ImageIO.framework */,
				1025366B16E6B1D800BD6ACF /* AssetsLibrary.framework */,
				1025366916E6B1D200BD6ACF /* MobileCoreServices.framework */,
				1025366716E6B1CD00BD6ACF /* CoreVideo.framework */,
				1025366516E6B1C600BD6ACF /* CoreMedia.framework */,
				1025366316E6B1C000BD6ACF /* MediaPlayer.framework */,
				10C2C83016DD7CD600D816AB /* FacebookSDK.framework */,
				10BE4EA616DC41EB009FD27A /* Social.framework */,
				10BE4EA216DC41D8009FD27A /* Accounts.framework */,
				10BE4EA316DC41D8009FD27A /* AdSupport.framework */,
				10F35DB3169F4A3100A42045 /* OpenGLES.framework */,
				10F35DB1169F4A2900A42045 /* QuartzCore.framework */,
				109E5214169A0325002425B5 /* AudioToolbox.framework */,
				109E5212169A02D1002425B5 /* CoreMotion.framework */,
				109E5210169A02C1002425B5 /* CoreLocation.framework */,
				109E520E169A02B0002425B5 /* AVFoundation.framework */,
				108FC6A3169641C8001BABBE /* UIKit.framework */,
				108FC6A5169641C8001BABBE /* Foundation.framework */,
				108FC6A7169641C8001BABBE /* CoreGraphics.framework */,
				108FC6C1169641C8001BABBE /* SenTestingKit.framework */,
			);
			name = Frameworks;
			sourceTree = "<group>";
		};
		108FC6A9169641C8001BABBE /* SpartanMissileStrike */ = {
			isa = PBXGroup;
			children = (
				1025364E16E6A9C300BD6ACF /* SSFiringManager.h */,
				1025364F16E6A9C400BD6ACF /* SSFiringManager.m */,
				1025364B16E6A97A00BD6ACF /* SSFiringViewController.h */,
				1025364C16E6A97A00BD6ACF /* SSFiringViewController.m */,
				10FFCF8C16E94B470020E705 /* SSOverlay.h */,
				10FFCF8D16E94B470020E705 /* SSOverlay.m */,
				103DE30616964EC300ED92B4 /* SSAudioManager.h */,
				103DE30716964EC300ED92B4 /* SSAudioManager.m */,
				10A44A0A169DF05D0043FE99 /* SSPreferenceManager.h */,
				10A44A0B169DF05D0043FE99 /* SSPreferenceManager.m */,
				108FC6B2169641C8001BABBE /* SSAppDelegate.h */,
				108FC6B3169641C8001BABBE /* SSAppDelegate.m */,
				10EA5A2016DD86360083C68C /* SSFacebookAuthViewController.h */,
				10EA5A2116DD86360083C68C /* SSFacebookAuthViewController.m */,
				109E51F01699FE3F002425B5 /* SSNativeBridge.h */,
				109E51F11699FE3F002425B5 /* SSNativeBridge.m */,
				10F35DA2169E173500A42045 /* SSMainViewController.h */,
				10F35DA3169E173500A42045 /* SSMainViewController.m */,
				284680CD16EBC52200CA188B /* Resources */,
				108FC6AA169641C8001BABBE /* Supporting Files */,
			);
			path = SpartanMissileStrike;
			sourceTree = "<group>";
		};
		108FC6AA169641C8001BABBE /* Supporting Files */ = {
			isa = PBXGroup;
			children = (
				108FC6AB169641C8001BABBE /* SpartanMissileStrike-Info.plist */,
				108FC6AC169641C8001BABBE /* InfoPlist.strings */,
				108FC6AF169641C8001BABBE /* main.m */,
				108FC6B1169641C8001BABBE /* SpartanMissileStrike-Prefix.pch */,
			);
			name = "Supporting Files";
			sourceTree = "<group>";
		};
		108FC6C7169641C8001BABBE /* SpartanMissileStrikeTests */ = {
			isa = PBXGroup;
			children = (
				1080A10516ADCC2700C836E3 /* libOCMock.a */,
				108FC6C8169641C8001BABBE /* Supporting Files */,
				103DE30216964DF300ED92B4 /* SSAudioManagerTests.h */,
				103DE30316964DF300ED92B4 /* SSAudioManagerTests.m */,
				10D01EE2169643D400F319F0 /* SSPreferenceManagerTests.h */,
				10D01EE3169643D400F319F0 /* SSPreferenceManagerTests.m */,
				108FC6CD169641C8001BABBE /* SpartanMissileStrikeTests.h */,
				108FC6CE169641C8001BABBE /* SpartanMissileStrikeTests.m */,
				1092785016A091E3007FEF8B /* SSNativeBridgeTests.h */,
				1092785116A091E3007FEF8B /* SSNativeBridgeTests.m */,
			);
			path = SpartanMissileStrikeTests;
			sourceTree = "<group>";
		};
		108FC6C8169641C8001BABBE /* Supporting Files */ = {
			isa = PBXGroup;
			children = (
				108FC6C9169641C8001BABBE /* SpartanMissileStrikeTests-Info.plist */,
				108FC6CA169641C8001BABBE /* InfoPlist.strings */,
			);
			name = "Supporting Files";
			sourceTree = "<group>";
		};
		284680CC16EBC3D500CA188B /* Icons */ = {
			isa = PBXGroup;
			children = (
				284680DA16EBCBB000CA188B /* spartan_appIcon_57.png */,
				284680DB16EBCBB000CA188B /* spartan_appIcon_114.png */,
			);
			name = Icons;
			path = ..;
			sourceTree = "<group>";
		};
		284680CD16EBC52200CA188B /* Resources */ = {
			isa = PBXGroup;
			children = (
				106E550F16E2845C00E68F43 /* html */,
				284680CF16EBC57100CA188B /* audio */,
				284680CC16EBC3D500CA188B /* Icons */,
				284680CE16EBC52D00CA188B /* Images */,
				284680D316EBC96B00CA188B /* Plists */,
				284680D216EBC92400CA188B /* Xibs */,
			);
			name = Resources;
			sourceTree = "<group>";
		};
		284680CE16EBC52D00CA188B /* Images */ = {
			isa = PBXGroup;
			children = (
				284680D416EBCB5600CA188B /* Default-568h@2x.png */,
				284680D516EBCB5600CA188B /* Default.png */,
				284680D616EBCB5600CA188B /* Default@2x.png */,
				55383E6616E7ADE70037169B /* artilleryreticle3.png */,
			);
			name = Images;
			sourceTree = "<group>";
		};
		284680D216EBC92400CA188B /* Xibs */ = {
			isa = PBXGroup;
			children = (
				10F35DA4169E173500A42045 /* SSMainViewController.xib */,
				10F35DA7169E17F500A42045 /* SpartanMissileStrike.xib */,
			);
			name = Xibs;
			sourceTree = "<group>";
		};
		284680D316EBC96B00CA188B /* Plists */ = {
			isa = PBXGroup;
			children = (
				10594FE916A6426900E41072 /* sounds.plist */,
			);
			name = Plists;
			sourceTree = "<group>";
		};
/* End PBXGroup section */

/* Begin PBXNativeTarget section */
		108FC69E169641C8001BABBE /* SpartanMissileStrike */ = {
			isa = PBXNativeTarget;
			buildConfigurationList = 108FC6D2169641C8001BABBE /* Build configuration list for PBXNativeTarget "SpartanMissileStrike" */;
			buildPhases = (
				108FC69B169641C8001BABBE /* Sources */,
				108FC69C169641C8001BABBE /* Frameworks */,
				108FC69D169641C8001BABBE /* Resources */,
			);
			buildRules = (
			);
			dependencies = (
			);
			name = SpartanMissileStrike;
			productName = SpartanMissileStrike;
			productReference = 108FC69F169641C8001BABBE /* SpartanMissileStrike.app */;
			productType = "com.apple.product-type.application";
		};
		108FC6BF169641C8001BABBE /* SpartanMissileStrikeTests */ = {
			isa = PBXNativeTarget;
			buildConfigurationList = 108FC6D5169641C8001BABBE /* Build configuration list for PBXNativeTarget "SpartanMissileStrikeTests" */;
			buildPhases = (
				108FC6BB169641C8001BABBE /* Sources */,
				108FC6BC169641C8001BABBE /* Frameworks */,
				108FC6BD169641C8001BABBE /* Resources */,
				108FC6BE169641C8001BABBE /* ShellScript */,
			);
			buildRules = (
			);
			dependencies = (
				108FC6C6169641C8001BABBE /* PBXTargetDependency */,
			);
			name = SpartanMissileStrikeTests;
			productName = SpartanMissileStrikeTests;
			productReference = 108FC6C0169641C8001BABBE /* SpartanMissileStrikeTests.octest */;
			productType = "com.apple.product-type.bundle";
		};
/* End PBXNativeTarget section */

/* Begin PBXProject section */
		108FC696169641C8001BABBE /* Project object */ = {
			isa = PBXProject;
			attributes = {
				CLASSPREFIX = SS;
				LastUpgradeCheck = 0450;
				ORGANIZATIONNAME = "Group 2";
			};
			buildConfigurationList = 108FC699169641C8001BABBE /* Build configuration list for PBXProject "SpartanMissileStrike" */;
			compatibilityVersion = "Xcode 3.2";
			developmentRegion = English;
			hasScannedForEncodings = 0;
			knownRegions = (
				en,
			);
			mainGroup = 108FC694169641C8001BABBE;
			productRefGroup = 108FC6A0169641C8001BABBE /* Products */;
			projectDirPath = "";
			projectRoot = "";
			targets = (
				108FC69E169641C8001BABBE /* SpartanMissileStrike */,
				108FC6BF169641C8001BABBE /* SpartanMissileStrikeTests */,
			);
		};
/* End PBXProject section */

/* Begin PBXResourcesBuildPhase section */
		108FC69D169641C8001BABBE /* Resources */ = {
			isa = PBXResourcesBuildPhase;
			buildActionMask = 2147483647;
			files = (
				108FC6AE169641C8001BABBE /* InfoPlist.strings in Resources */,
				10F35DA6169E173500A42045 /* SSMainViewController.xib in Resources */,
				10F35DA8169E17F500A42045 /* SpartanMissileStrike.xib in Resources */,
				10594FEA16A6426900E41072 /* sounds.plist in Resources */,
				106E551016E2845C00E68F43 /* html in Resources */,
				55383E6716E7ADE70037169B /* artilleryreticle3.png in Resources */,
				284680D016EBC57100CA188B /* audio in Resources */,
				284680D716EBCB5600CA188B /* Default-568h@2x.png in Resources */,
				284680D816EBCB5600CA188B /* Default.png in Resources */,
				284680D916EBCB5600CA188B /* Default@2x.png in Resources */,
				284680DC16EBCBB000CA188B /* spartan_appIcon_57.png in Resources */,
				284680DD16EBCBB000CA188B /* spartan_appIcon_114.png in Resources */,
			);
			runOnlyForDeploymentPostprocessing = 0;
		};
		108FC6BD169641C8001BABBE /* Resources */ = {
			isa = PBXResourcesBuildPhase;
			buildActionMask = 2147483647;
			files = (
				108FC6CC169641C8001BABBE /* InfoPlist.strings in Resources */,
			);
			runOnlyForDeploymentPostprocessing = 0;
		};
/* End PBXResourcesBuildPhase section */

/* Begin PBXShellScriptBuildPhase section */
		108FC6BE169641C8001BABBE /* ShellScript */ = {
			isa = PBXShellScriptBuildPhase;
			buildActionMask = 2147483647;
			files = (
			);
			inputPaths = (
			);
			outputPaths = (
			);
			runOnlyForDeploymentPostprocessing = 0;
			shellPath = /bin/sh;
			shellScript = "# Run the unit tests in this test bundle.\n\"${SYSTEM_DEVELOPER_DIR}/Tools/RunUnitTests\"\n";
		};
/* End PBXShellScriptBuildPhase section */

/* Begin PBXSourcesBuildPhase section */
		108FC69B169641C8001BABBE /* Sources */ = {
			isa = PBXSourcesBuildPhase;
			buildActionMask = 2147483647;
			files = (
				108FC6B0169641C8001BABBE /* main.m in Sources */,
				108FC6B4169641C8001BABBE /* SSAppDelegate.m in Sources */,
				103DE30816964EC300ED92B4 /* SSAudioManager.m in Sources */,
				109E51F21699FE3F002425B5 /* SSNativeBridge.m in Sources */,
				10A44A0C169DF05D0043FE99 /* SSPreferenceManager.m in Sources */,
				10F35DA5169E173500A42045 /* SSMainViewController.m in Sources */,
				10EA5A2216DD86360083C68C /* SSFacebookAuthViewController.m in Sources */,
				1025364D16E6A97A00BD6ACF /* SSFiringViewController.m in Sources */,
				1025365016E6A9C400BD6ACF /* SSFiringManager.m in Sources */,
				10FFCF8E16E94B470020E705 /* SSOverlay.m in Sources */,
			);
			runOnlyForDeploymentPostprocessing = 0;
		};
		108FC6BB169641C8001BABBE /* Sources */ = {
			isa = PBXSourcesBuildPhase;
			buildActionMask = 2147483647;
			files = (
				108FC6CF169641C8001BABBE /* SpartanMissileStrikeTests.m in Sources */,
				10D01EE4169643D400F319F0 /* SSPreferenceManagerTests.m in Sources */,
				103DE30416964DF300ED92B4 /* SSAudioManagerTests.m in Sources */,
				1092785216A091E3007FEF8B /* SSNativeBridgeTests.m in Sources */,
			);
			runOnlyForDeploymentPostprocessing = 0;
		};
/* End PBXSourcesBuildPhase section */

/* Begin PBXTargetDependency section */
		108FC6C6169641C8001BABBE /* PBXTargetDependency */ = {
			isa = PBXTargetDependency;
			target = 108FC69E169641C8001BABBE /* SpartanMissileStrike */;
			targetProxy = 108FC6C5169641C8001BABBE /* PBXContainerItemProxy */;
		};
/* End PBXTargetDependency section */

/* Begin PBXVariantGroup section */
		108FC6AC169641C8001BABBE /* InfoPlist.strings */ = {
			isa = PBXVariantGroup;
			children = (
				108FC6AD169641C8001BABBE /* en */,
			);
			name = InfoPlist.strings;
			sourceTree = "<group>";
		};
		108FC6CA169641C8001BABBE /* InfoPlist.strings */ = {
			isa = PBXVariantGroup;
			children = (
				108FC6CB169641C8001BABBE /* en */,
			);
			name = InfoPlist.strings;
			sourceTree = "<group>";
		};
/* End PBXVariantGroup section */

/* Begin XCBuildConfiguration section */
		108FC6D0169641C8001BABBE /* Debug */ = {
			isa = XCBuildConfiguration;
			buildSettings = {
				ALWAYS_SEARCH_USER_PATHS = NO;
				CLANG_CXX_LANGUAGE_STANDARD = "gnu++0x";
				CLANG_CXX_LIBRARY = "libc++";
				CLANG_ENABLE_OBJC_ARC = YES;
				CLANG_WARN_EMPTY_BODY = YES;
				CLANG_WARN__DUPLICATE_METHOD_MATCH = YES;
				"CODE_SIGN_IDENTITY[sdk=iphoneos*]" = "iPhone Developer";
				COPY_PHASE_STRIP = NO;
				GCC_C_LANGUAGE_STANDARD = gnu99;
				GCC_DYNAMIC_NO_PIC = NO;
				GCC_OPTIMIZATION_LEVEL = 0;
				GCC_PREPROCESSOR_DEFINITIONS = (
					"DEBUG=1",
					"$(inherited)",
				);
				GCC_SYMBOLS_PRIVATE_EXTERN = NO;
				GCC_WARN_ABOUT_RETURN_TYPE = YES;
				GCC_WARN_UNINITIALIZED_AUTOS = YES;
				GCC_WARN_UNUSED_VARIABLE = YES;
				HEADER_SEARCH_PATHS = (
					"$(SRCROOT)",
					"$(SRCROOT)/usr/include",
				);
				IPHONEOS_DEPLOYMENT_TARGET = 5.0;
				ONLY_ACTIVE_ARCH = YES;
				OTHER_LDFLAGS = "-lsqlite3.0";
				SDKROOT = iphoneos;
			};
			name = Debug;
		};
		108FC6D1169641C8001BABBE /* Release */ = {
			isa = XCBuildConfiguration;
			buildSettings = {
				ALWAYS_SEARCH_USER_PATHS = NO;
				CLANG_CXX_LANGUAGE_STANDARD = "gnu++0x";
				CLANG_CXX_LIBRARY = "libc++";
				CLANG_ENABLE_OBJC_ARC = YES;
				CLANG_WARN_EMPTY_BODY = YES;
				CLANG_WARN__DUPLICATE_METHOD_MATCH = YES;
				"CODE_SIGN_IDENTITY[sdk=iphoneos*]" = "iPhone Developer";
				COPY_PHASE_STRIP = YES;
				GCC_C_LANGUAGE_STANDARD = gnu99;
				GCC_WARN_ABOUT_RETURN_TYPE = YES;
				GCC_WARN_UNINITIALIZED_AUTOS = YES;
				GCC_WARN_UNUSED_VARIABLE = YES;
				HEADER_SEARCH_PATHS = (
					"$(SRCROOT)",
					"$(SRCROOT)/usr/include",
				);
				IPHONEOS_DEPLOYMENT_TARGET = 5.0;
				ONLY_ACTIVE_ARCH = YES;
				OTHER_CFLAGS = "-DNS_BLOCK_ASSERTIONS=1";
				OTHER_LDFLAGS = "-lsqlite3.0";
				SDKROOT = iphoneos;
				VALIDATE_PRODUCT = YES;
			};
			name = Release;
		};
		108FC6D3169641C8001BABBE /* Debug */ = {
			isa = XCBuildConfiguration;
			buildSettings = {
				FRAMEWORK_SEARCH_PATHS = (
					"$(inherited)",
					"\"$(SRCROOT)/FacebookSDK\"",
				);
				GCC_PRECOMPILE_PREFIX_HEADER = YES;
				GCC_PREFIX_HEADER = "SpartanMissileStrike/SpartanMissileStrike-Prefix.pch";
				INFOPLIST_FILE = "SpartanMissileStrike/SpartanMissileStrike-Info.plist";
				LIBRARY_SEARCH_PATHS = "$(inherited)";
				PRODUCT_NAME = "$(TARGET_NAME)";
				WRAPPER_EXTENSION = app;
			};
			name = Debug;
		};
		108FC6D4169641C8001BABBE /* Release */ = {
			isa = XCBuildConfiguration;
			buildSettings = {
				FRAMEWORK_SEARCH_PATHS = (
					"$(inherited)",
					"\"$(SRCROOT)/FacebookSDK\"",
				);
				GCC_PRECOMPILE_PREFIX_HEADER = YES;
				GCC_PREFIX_HEADER = "SpartanMissileStrike/SpartanMissileStrike-Prefix.pch";
				INFOPLIST_FILE = "SpartanMissileStrike/SpartanMissileStrike-Info.plist";
				LIBRARY_SEARCH_PATHS = "$(inherited)";
				PRODUCT_NAME = "$(TARGET_NAME)";
				WRAPPER_EXTENSION = app;
			};
			name = Release;
		};
		108FC6D6169641C8001BABBE /* Debug */ = {
			isa = XCBuildConfiguration;
			buildSettings = {
				BUNDLE_LOADER = "$(BUILT_PRODUCTS_DIR)/SpartanMissileStrike.app/SpartanMissileStrike";
				FRAMEWORK_SEARCH_PATHS = (
					"\"$(SDKROOT)/Developer/Library/Frameworks\"",
					"\"$(DEVELOPER_LIBRARY_DIR)/Frameworks\"",
					"\"$(SRCROOT)\"",
				);
				GCC_PRECOMPILE_PREFIX_HEADER = YES;
				GCC_PREFIX_HEADER = "SpartanMissileStrike/SpartanMissileStrike-Prefix.pch";
				INFOPLIST_FILE = "SpartanMissileStrikeTests/SpartanMissileStrikeTests-Info.plist";
				LIBRARY_SEARCH_PATHS = (
					"$(inherited)",
					"\"$(SRCROOT)/usr/lib\"",
				);
				OTHER_LDFLAGS = (
					"-force_load",
					"\"$(SRCROOT)/usr/lib/libOCMock.a\"",
					"-ObjC",
				);
				PRODUCT_NAME = "$(TARGET_NAME)";
				TEST_HOST = "$(BUNDLE_LOADER)";
				WRAPPER_EXTENSION = octest;
			};
			name = Debug;
		};
		108FC6D7169641C8001BABBE /* Release */ = {
			isa = XCBuildConfiguration;
			buildSettings = {
				BUNDLE_LOADER = "$(BUILT_PRODUCTS_DIR)/SpartanMissileStrike.app/SpartanMissileStrike";
				FRAMEWORK_SEARCH_PATHS = (
					"\"$(SDKROOT)/Developer/Library/Frameworks\"",
					"\"$(DEVELOPER_LIBRARY_DIR)/Frameworks\"",
					"\"$(SRCROOT)\"",
				);
				GCC_PRECOMPILE_PREFIX_HEADER = YES;
				GCC_PREFIX_HEADER = "SpartanMissileStrike/SpartanMissileStrike-Prefix.pch";
				INFOPLIST_FILE = "SpartanMissileStrikeTests/SpartanMissileStrikeTests-Info.plist";
				LIBRARY_SEARCH_PATHS = (
					"$(inherited)",
					"\"$(SRCROOT)/usr/lib\"",
				);
				OTHER_LDFLAGS = (
					"-force_load",
					"\"$(SRCROOT)/usr/lib/libOCMock.a\"",
					"-ObjC",
				);
				PRODUCT_NAME = "$(TARGET_NAME)";
				TEST_HOST = "$(BUNDLE_LOADER)";
				WRAPPER_EXTENSION = octest;
			};
			name = Release;
		};
/* End XCBuildConfiguration section */

/* Begin XCConfigurationList section */
		108FC699169641C8001BABBE /* Build configuration list for PBXProject "SpartanMissileStrike" */ = {
			isa = XCConfigurationList;
			buildConfigurations = (
				108FC6D0169641C8001BABBE /* Debug */,
				108FC6D1169641C8001BABBE /* Release */,
			);
			defaultConfigurationIsVisible = 0;
			defaultConfigurationName = Release;
		};
		108FC6D2169641C8001BABBE /* Build configuration list for PBXNativeTarget "SpartanMissileStrike" */ = {
			isa = XCConfigurationList;
			buildConfigurations = (
				108FC6D3169641C8001BABBE /* Debug */,
				108FC6D4169641C8001BABBE /* Release */,
			);
			defaultConfigurationIsVisible = 0;
			defaultConfigurationName = Release;
		};
		108FC6D5169641C8001BABBE /* Build configuration list for PBXNativeTarget "SpartanMissileStrikeTests" */ = {
			isa = XCConfigurationList;
			buildConfigurations = (
				108FC6D6169641C8001BABBE /* Debug */,
				108FC6D7169641C8001BABBE /* Release */,
			);
			defaultConfigurationIsVisible = 0;
			defaultConfigurationName = Release;
		};
/* End XCConfigurationList section */
	};
	rootObject = 108FC696169641C8001BABBE /* Project object */;
}
